// !$*UTF8*$!
{
	archiveVersion = 1;
	classes = {
	};
	objectVersion = 55;
	objects = {

/* Begin PBXBuildFile section */
		4C4A739C27B3D2D6004EDA61 /* Tests_iOS.swift in Sources */ = {isa = PBXBuildFile; fileRef = 4C4A739B27B3D2D6004EDA61 /* Tests_iOS.swift */; };
		4C4A739E27B3D2D6004EDA61 /* Tests_iOSLaunchTests.swift in Sources */ = {isa = PBXBuildFile; fileRef = 4C4A739D27B3D2D6004EDA61 /* Tests_iOSLaunchTests.swift */; };
		4C4A73A827B3D2D6004EDA61 /* Tests_macOS.swift in Sources */ = {isa = PBXBuildFile; fileRef = 4C4A73A727B3D2D6004EDA61 /* Tests_macOS.swift */; };
		4C4A73AA27B3D2D6004EDA61 /* Tests_macOSLaunchTests.swift in Sources */ = {isa = PBXBuildFile; fileRef = 4C4A73A927B3D2D6004EDA61 /* Tests_macOSLaunchTests.swift */; };
		4C4A73AB27B3D2D6004EDA61 /* warpinator_projectApp.swift in Sources */ = {isa = PBXBuildFile; fileRef = 4C4A738327B3D2D4004EDA61 /* warpinator_projectApp.swift */; };
		4C4A73AC27B3D2D6004EDA61 /* warpinator_projectApp.swift in Sources */ = {isa = PBXBuildFile; fileRef = 4C4A738327B3D2D4004EDA61 /* warpinator_projectApp.swift */; };
		4C4A73AD27B3D2D6004EDA61 /* ContentView.swift in Sources */ = {isa = PBXBuildFile; fileRef = 4C4A738427B3D2D4004EDA61 /* ContentView.swift */; };
		4C4A73AE27B3D2D6004EDA61 /* ContentView.swift in Sources */ = {isa = PBXBuildFile; fileRef = 4C4A738427B3D2D4004EDA61 /* ContentView.swift */; };
		4C4A73AF27B3D2D6004EDA61 /* Assets.xcassets in Resources */ = {isa = PBXBuildFile; fileRef = 4C4A738527B3D2D5004EDA61 /* Assets.xcassets */; };
		4C4A73B027B3D2D6004EDA61 /* Assets.xcassets in Resources */ = {isa = PBXBuildFile; fileRef = 4C4A738527B3D2D5004EDA61 /* Assets.xcassets */; };
		4C4A73C727B3E2E2004EDA61 /* CGRPCZlib in Frameworks */ = {isa = PBXBuildFile; productRef = 4C4A73C627B3E2E2004EDA61 /* CGRPCZlib */; };
		4C4A73C927B3E2E2004EDA61 /* GRPC in Frameworks */ = {isa = PBXBuildFile; productRef = 4C4A73C827B3E2E2004EDA61 /* GRPC */; };
		4C4A73CB27B3E2E2004EDA61 /* protoc-gen-grpc-swift in Frameworks */ = {isa = PBXBuildFile; productRef = 4C4A73CA27B3E2E2004EDA61 /* protoc-gen-grpc-swift */; };
		4C4A73CF27B3FB8A004EDA61 /* warp.grpc.swift in Sources */ = {isa = PBXBuildFile; fileRef = 4C4A73CC27B3FB89004EDA61 /* warp.grpc.swift */; };
		4C4A73D027B3FB8A004EDA61 /* warp.grpc.swift in Sources */ = {isa = PBXBuildFile; fileRef = 4C4A73CC27B3FB89004EDA61 /* warp.grpc.swift */; };
		4C4A73D327B3FB8A004EDA61 /* warp.proto in Sources */ = {isa = PBXBuildFile; fileRef = 4C4A73CE27B3FB8A004EDA61 /* warp.proto */; };
		4C4A73D427B3FB8A004EDA61 /* warp.proto in Sources */ = {isa = PBXBuildFile; fileRef = 4C4A73CE27B3FB8A004EDA61 /* warp.proto */; };
		4CDD56B927B40DE100A9B537 /* CGRPCZlib in Frameworks */ = {isa = PBXBuildFile; productRef = 4CDD56B827B40DE100A9B537 /* CGRPCZlib */; };
		4CDD56BB27B40DE100A9B537 /* GRPC in Frameworks */ = {isa = PBXBuildFile; productRef = 4CDD56BA27B40DE100A9B537 /* GRPC */; };
		4CDD56BD27B40FAC00A9B537 /* CertificateServerV2.swift in Sources */ = {isa = PBXBuildFile; fileRef = 4CDD56BC27B40FAC00A9B537 /* CertificateServerV2.swift */; };
		4CDD56BE27B40FAC00A9B537 /* CertificateServerV2.swift in Sources */ = {isa = PBXBuildFile; fileRef = 4CDD56BC27B40FAC00A9B537 /* CertificateServerV2.swift */; };
		4CDD56C127B4108F00A9B537 /* Auth.swift in Sources */ = {isa = PBXBuildFile; fileRef = 4CDD56C027B4108F00A9B537 /* Auth.swift */; };
		4CDD56C227B4108F00A9B537 /* Auth.swift in Sources */ = {isa = PBXBuildFile; fileRef = 4CDD56C027B4108F00A9B537 /* Auth.swift */; };
		4CDD56C427B412A900A9B537 /* WarpRegistrationProvider.swift in Sources */ = {isa = PBXBuildFile; fileRef = 4CDD56C327B412A900A9B537 /* WarpRegistrationProvider.swift */; };
		4CDD56C527B412A900A9B537 /* WarpRegistrationProvider.swift in Sources */ = {isa = PBXBuildFile; fileRef = 4CDD56C327B412A900A9B537 /* WarpRegistrationProvider.swift */; };
		4CDD56C727B6672D00A9B537 /* Discovery.swift in Sources */ = {isa = PBXBuildFile; fileRef = 4CDD56C627B6672D00A9B537 /* Discovery.swift */; };
		4CDD56C827B6672D00A9B537 /* Discovery.swift in Sources */ = {isa = PBXBuildFile; fileRef = 4CDD56C627B6672D00A9B537 /* Discovery.swift */; };
		4CDD56DE27B6808D00A9B537 /* BonjourResolver.swift in Sources */ = {isa = PBXBuildFile; fileRef = 4CDD56DD27B6808D00A9B537 /* BonjourResolver.swift */; };
		4CDD56DF27B6808D00A9B537 /* BonjourResolver.swift in Sources */ = {isa = PBXBuildFile; fileRef = 4CDD56DD27B6808D00A9B537 /* BonjourResolver.swift */; };
		4CDD56E627B79A3700A9B537 /* CertificateClientV2.swift in Sources */ = {isa = PBXBuildFile; fileRef = 4CDD56E527B79A3700A9B537 /* CertificateClientV2.swift */; };
		4CDD56E727B79A3700A9B537 /* CertificateClientV2.swift in Sources */ = {isa = PBXBuildFile; fileRef = 4CDD56E527B79A3700A9B537 /* CertificateClientV2.swift */; };
		4CDD56E927B79B5100A9B537 /* DiscoveryViewModel.swift in Sources */ = {isa = PBXBuildFile; fileRef = 4CDD56E827B79B5100A9B537 /* DiscoveryViewModel.swift */; };
		4CDD56EA27B79B5100A9B537 /* DiscoveryViewModel.swift in Sources */ = {isa = PBXBuildFile; fileRef = 4CDD56E827B79B5100A9B537 /* DiscoveryViewModel.swift */; };
		4CDD56EC27B79C2C00A9B537 /* WarpBackend.swift in Sources */ = {isa = PBXBuildFile; fileRef = 4CDD56EB27B79C2C00A9B537 /* WarpBackend.swift */; };
		4CDD56ED27B79C2C00A9B537 /* WarpBackend.swift in Sources */ = {isa = PBXBuildFile; fileRef = 4CDD56EB27B79C2C00A9B537 /* WarpBackend.swift */; };
		4CDD56EF27B7A5B100A9B537 /* RemoteRegistration.swift in Sources */ = {isa = PBXBuildFile; fileRef = 4CDD56EE27B7A5B100A9B537 /* RemoteRegistration.swift */; };
		4CDD56F027B7A5B100A9B537 /* RemoteRegistration.swift in Sources */ = {isa = PBXBuildFile; fileRef = 4CDD56EE27B7A5B100A9B537 /* RemoteRegistration.swift */; };
		4CDD56F427B7B85900A9B537 /* warp.pb.swift in Sources */ = {isa = PBXBuildFile; fileRef = 4CDD56F227B7B85900A9B537 /* warp.pb.swift */; };
		4CDD56F627B7B85D00A9B537 /* warp.pb.swift in Sources */ = {isa = PBXBuildFile; fileRef = 4CDD56F227B7B85900A9B537 /* warp.pb.swift */; };
		4CDD56FC27B90AC200A9B537 /* Sodium in Frameworks */ = {isa = PBXBuildFile; productRef = 4CDD56FB27B90AC200A9B537 /* Sodium */; };
		4CDD56FE27B90AD700A9B537 /* Sodium in Frameworks */ = {isa = PBXBuildFile; productRef = 4CDD56FD27B90AD700A9B537 /* Sodium */; };
		4CDD570027B93F2600A9B537 /* WarpClient.swift in Sources */ = {isa = PBXBuildFile; fileRef = 4CDD56FF27B93F2600A9B537 /* WarpClient.swift */; };
		4CDD570127B93F2600A9B537 /* WarpClient.swift in Sources */ = {isa = PBXBuildFile; fileRef = 4CDD56FF27B93F2600A9B537 /* WarpClient.swift */; };
		4CDD570327B93F9E00A9B537 /* Remote.swift in Sources */ = {isa = PBXBuildFile; fileRef = 4CDD570227B93F9E00A9B537 /* Remote.swift */; };
		4CDD570427B93F9E00A9B537 /* Remote.swift in Sources */ = {isa = PBXBuildFile; fileRef = 4CDD570227B93F9E00A9B537 /* Remote.swift */; };
		4CDD571327B9842600A9B537 /* AuthTests.swift in Sources */ = {isa = PBXBuildFile; fileRef = 4CDD571227B9842600A9B537 /* AuthTests.swift */; };
/* End PBXBuildFile section */

/* Begin PBXContainerItemProxy section */
		4C4A739827B3D2D6004EDA61 /* PBXContainerItemProxy */ = {
			isa = PBXContainerItemProxy;
			containerPortal = 4C4A737E27B3D2D4004EDA61 /* Project object */;
			proxyType = 1;
			remoteGlobalIDString = 4C4A738927B3D2D5004EDA61;
			remoteInfo = "warpinator-project (iOS)";
		};
		4C4A73A427B3D2D6004EDA61 /* PBXContainerItemProxy */ = {
			isa = PBXContainerItemProxy;
			containerPortal = 4C4A737E27B3D2D4004EDA61 /* Project object */;
			proxyType = 1;
			remoteGlobalIDString = 4C4A738F27B3D2D5004EDA61;
			remoteInfo = "warpinator-project (macOS)";
		};
		4CDD570D27B982CA00A9B537 /* PBXContainerItemProxy */ = {
			isa = PBXContainerItemProxy;
			containerPortal = 4C4A737E27B3D2D4004EDA61 /* Project object */;
			proxyType = 1;
			remoteGlobalIDString = 4C4A738F27B3D2D5004EDA61;
			remoteInfo = "warpinator-project (macOS)";
		};
/* End PBXContainerItemProxy section */

/* Begin PBXFileReference section */
		4C4A738327B3D2D4004EDA61 /* warpinator_projectApp.swift */ = {isa = PBXFileReference; lastKnownFileType = sourcecode.swift; path = warpinator_projectApp.swift; sourceTree = "<group>"; };
		4C4A738427B3D2D4004EDA61 /* ContentView.swift */ = {isa = PBXFileReference; lastKnownFileType = sourcecode.swift; path = ContentView.swift; sourceTree = "<group>"; };
		4C4A738527B3D2D5004EDA61 /* Assets.xcassets */ = {isa = PBXFileReference; lastKnownFileType = folder.assetcatalog; path = Assets.xcassets; sourceTree = "<group>"; };
		4C4A738A27B3D2D5004EDA61 /* warpinator-project.app */ = {isa = PBXFileReference; explicitFileType = wrapper.application; includeInIndex = 0; path = "warpinator-project.app"; sourceTree = BUILT_PRODUCTS_DIR; };
		4C4A739027B3D2D5004EDA61 /* warpinator-project.app */ = {isa = PBXFileReference; explicitFileType = wrapper.application; includeInIndex = 0; path = "warpinator-project.app"; sourceTree = BUILT_PRODUCTS_DIR; };
		4C4A739227B3D2D5004EDA61 /* macOS.entitlements */ = {isa = PBXFileReference; lastKnownFileType = text.plist.entitlements; path = macOS.entitlements; sourceTree = "<group>"; };
		4C4A739727B3D2D6004EDA61 /* Tests iOS.xctest */ = {isa = PBXFileReference; explicitFileType = wrapper.cfbundle; includeInIndex = 0; path = "Tests iOS.xctest"; sourceTree = BUILT_PRODUCTS_DIR; };
		4C4A739B27B3D2D6004EDA61 /* Tests_iOS.swift */ = {isa = PBXFileReference; lastKnownFileType = sourcecode.swift; path = Tests_iOS.swift; sourceTree = "<group>"; };
		4C4A739D27B3D2D6004EDA61 /* Tests_iOSLaunchTests.swift */ = {isa = PBXFileReference; lastKnownFileType = sourcecode.swift; path = Tests_iOSLaunchTests.swift; sourceTree = "<group>"; };
		4C4A73A327B3D2D6004EDA61 /* Tests macOS.xctest */ = {isa = PBXFileReference; explicitFileType = wrapper.cfbundle; includeInIndex = 0; path = "Tests macOS.xctest"; sourceTree = BUILT_PRODUCTS_DIR; };
		4C4A73A727B3D2D6004EDA61 /* Tests_macOS.swift */ = {isa = PBXFileReference; lastKnownFileType = sourcecode.swift; path = Tests_macOS.swift; sourceTree = "<group>"; };
		4C4A73A927B3D2D6004EDA61 /* Tests_macOSLaunchTests.swift */ = {isa = PBXFileReference; lastKnownFileType = sourcecode.swift; path = Tests_macOSLaunchTests.swift; sourceTree = "<group>"; };
		4C4A73CC27B3FB89004EDA61 /* warp.grpc.swift */ = {isa = PBXFileReference; fileEncoding = 4; lastKnownFileType = sourcecode.swift; path = warp.grpc.swift; sourceTree = "<group>"; };
		4C4A73CE27B3FB8A004EDA61 /* warp.proto */ = {isa = PBXFileReference; fileEncoding = 4; lastKnownFileType = sourcecode.protobuf; path = warp.proto; sourceTree = "<group>"; };
		4CDD56BC27B40FAC00A9B537 /* CertificateServerV2.swift */ = {isa = PBXFileReference; lastKnownFileType = sourcecode.swift; path = CertificateServerV2.swift; sourceTree = "<group>"; };
		4CDD56C027B4108F00A9B537 /* Auth.swift */ = {isa = PBXFileReference; lastKnownFileType = sourcecode.swift; path = Auth.swift; sourceTree = "<group>"; };
		4CDD56C327B412A900A9B537 /* WarpRegistrationProvider.swift */ = {isa = PBXFileReference; lastKnownFileType = sourcecode.swift; path = WarpRegistrationProvider.swift; sourceTree = "<group>"; };
		4CDD56C627B6672D00A9B537 /* Discovery.swift */ = {isa = PBXFileReference; lastKnownFileType = sourcecode.swift; path = Discovery.swift; sourceTree = "<group>"; };
		4CDD56C927B6774000A9B537 /* warpinator-project--iOS--Info.plist */ = {isa = PBXFileReference; lastKnownFileType = text.plist; path = "warpinator-project--iOS--Info.plist"; sourceTree = "<group>"; };
		4CDD56DD27B6808D00A9B537 /* BonjourResolver.swift */ = {isa = PBXFileReference; lastKnownFileType = sourcecode.swift; path = BonjourResolver.swift; sourceTree = "<group>"; };
		4CDD56E527B79A3700A9B537 /* CertificateClientV2.swift */ = {isa = PBXFileReference; lastKnownFileType = sourcecode.swift; path = CertificateClientV2.swift; sourceTree = "<group>"; };
		4CDD56E827B79B5100A9B537 /* DiscoveryViewModel.swift */ = {isa = PBXFileReference; lastKnownFileType = sourcecode.swift; path = DiscoveryViewModel.swift; sourceTree = "<group>"; };
		4CDD56EB27B79C2C00A9B537 /* WarpBackend.swift */ = {isa = PBXFileReference; lastKnownFileType = sourcecode.swift; path = WarpBackend.swift; sourceTree = "<group>"; };
		4CDD56EE27B7A5B100A9B537 /* RemoteRegistration.swift */ = {isa = PBXFileReference; lastKnownFileType = sourcecode.swift; path = RemoteRegistration.swift; sourceTree = "<group>"; };
		4CDD56F227B7B85900A9B537 /* warp.pb.swift */ = {isa = PBXFileReference; fileEncoding = 4; lastKnownFileType = sourcecode.swift; path = warp.pb.swift; sourceTree = "<group>"; };
		4CDD56F927B8519300A9B537 /* .gitignore */ = {isa = PBXFileReference; lastKnownFileType = text; path = .gitignore; sourceTree = "<group>"; };
		4CDD56FF27B93F2600A9B537 /* WarpClient.swift */ = {isa = PBXFileReference; lastKnownFileType = sourcecode.swift; path = WarpClient.swift; sourceTree = "<group>"; };
		4CDD570227B93F9E00A9B537 /* Remote.swift */ = {isa = PBXFileReference; lastKnownFileType = sourcecode.swift; path = Remote.swift; sourceTree = "<group>"; };
		4CDD570927B982CA00A9B537 /* warpinator-projectTests.xctest */ = {isa = PBXFileReference; explicitFileType = wrapper.cfbundle; includeInIndex = 0; path = "warpinator-projectTests.xctest"; sourceTree = BUILT_PRODUCTS_DIR; };
		4CDD571227B9842600A9B537 /* AuthTests.swift */ = {isa = PBXFileReference; lastKnownFileType = sourcecode.swift; path = AuthTests.swift; sourceTree = "<group>"; };
/* End PBXFileReference section */

/* Begin PBXFrameworksBuildPhase section */
		4C4A738727B3D2D5004EDA61 /* Frameworks */ = {
			isa = PBXFrameworksBuildPhase;
			buildActionMask = 2147483647;
			files = (
				4CDD56BB27B40DE100A9B537 /* GRPC in Frameworks */,
				4CDD56B927B40DE100A9B537 /* CGRPCZlib in Frameworks */,
				4CDD56FC27B90AC200A9B537 /* Sodium in Frameworks */,
			);
			runOnlyForDeploymentPostprocessing = 0;
		};
		4C4A738D27B3D2D5004EDA61 /* Frameworks */ = {
			isa = PBXFrameworksBuildPhase;
			buildActionMask = 2147483647;
			files = (
				4C4A73C727B3E2E2004EDA61 /* CGRPCZlib in Frameworks */,
				4C4A73CB27B3E2E2004EDA61 /* protoc-gen-grpc-swift in Frameworks */,
				4C4A73C927B3E2E2004EDA61 /* GRPC in Frameworks */,
				4CDD56FE27B90AD700A9B537 /* Sodium in Frameworks */,
			);
			runOnlyForDeploymentPostprocessing = 0;
		};
		4C4A739427B3D2D6004EDA61 /* Frameworks */ = {
			isa = PBXFrameworksBuildPhase;
			buildActionMask = 2147483647;
			files = (
			);
			runOnlyForDeploymentPostprocessing = 0;
		};
		4C4A73A027B3D2D6004EDA61 /* Frameworks */ = {
			isa = PBXFrameworksBuildPhase;
			buildActionMask = 2147483647;
			files = (
			);
			runOnlyForDeploymentPostprocessing = 0;
		};
		4CDD570627B982CA00A9B537 /* Frameworks */ = {
			isa = PBXFrameworksBuildPhase;
			buildActionMask = 2147483647;
			files = (
			);
			runOnlyForDeploymentPostprocessing = 0;
		};
/* End PBXFrameworksBuildPhase section */

/* Begin PBXGroup section */
		4C4A737D27B3D2D4004EDA61 = {
			isa = PBXGroup;
			children = (
				4CDD56F927B8519300A9B537 /* .gitignore */,
				4CDD56C927B6774000A9B537 /* warpinator-project--iOS--Info.plist */,
				4C4A738227B3D2D4004EDA61 /* Shared */,
				4C4A739127B3D2D5004EDA61 /* macOS */,
				4C4A739A27B3D2D6004EDA61 /* Tests iOS */,
				4C4A73A627B3D2D6004EDA61 /* Tests macOS */,
				4CDD570A27B982CA00A9B537 /* warpinator-projectTests */,
				4C4A738B27B3D2D5004EDA61 /* Products */,
				4C4A73C027B3DDFA004EDA61 /* Frameworks */,
			);
			sourceTree = "<group>";
		};
		4C4A738227B3D2D4004EDA61 /* Shared */ = {
			isa = PBXGroup;
			children = (
				4C4A738327B3D2D4004EDA61 /* warpinator_projectApp.swift */,
				4CDD56F827B83C3400A9B537 /* lib */,
				4CDD56E427B798D800A9B537 /* ViewModels */,
				4CDD56E327B7985C00A9B537 /* Views */,
				4CDD56BF27B4105800A9B537 /* Backend */,
				4C4A73CC27B3FB89004EDA61 /* warp.grpc.swift */,
				4CDD56F227B7B85900A9B537 /* warp.pb.swift */,
				4C4A73CE27B3FB8A004EDA61 /* warp.proto */,
				4C4A738527B3D2D5004EDA61 /* Assets.xcassets */,
			);
			path = Shared;
			sourceTree = "<group>";
		};
		4C4A738B27B3D2D5004EDA61 /* Products */ = {
			isa = PBXGroup;
			children = (
				4C4A738A27B3D2D5004EDA61 /* warpinator-project.app */,
				4C4A739027B3D2D5004EDA61 /* warpinator-project.app */,
				4C4A739727B3D2D6004EDA61 /* Tests iOS.xctest */,
				4C4A73A327B3D2D6004EDA61 /* Tests macOS.xctest */,
				4CDD570927B982CA00A9B537 /* warpinator-projectTests.xctest */,
			);
			name = Products;
			sourceTree = "<group>";
		};
		4C4A739127B3D2D5004EDA61 /* macOS */ = {
			isa = PBXGroup;
			children = (
				4C4A739227B3D2D5004EDA61 /* macOS.entitlements */,
			);
			path = macOS;
			sourceTree = "<group>";
		};
		4C4A739A27B3D2D6004EDA61 /* Tests iOS */ = {
			isa = PBXGroup;
			children = (
				4C4A739B27B3D2D6004EDA61 /* Tests_iOS.swift */,
				4C4A739D27B3D2D6004EDA61 /* Tests_iOSLaunchTests.swift */,
			);
			path = "Tests iOS";
			sourceTree = "<group>";
		};
		4C4A73A627B3D2D6004EDA61 /* Tests macOS */ = {
			isa = PBXGroup;
			children = (
				4C4A73A727B3D2D6004EDA61 /* Tests_macOS.swift */,
				4C4A73A927B3D2D6004EDA61 /* Tests_macOSLaunchTests.swift */,
			);
			path = "Tests macOS";
			sourceTree = "<group>";
		};
		4C4A73C027B3DDFA004EDA61 /* Frameworks */ = {
			isa = PBXGroup;
			children = (
			);
			name = Frameworks;
			sourceTree = "<group>";
		};
		4CDD56BF27B4105800A9B537 /* Backend */ = {
			isa = PBXGroup;
			children = (
				4CDD56EB27B79C2C00A9B537 /* WarpBackend.swift */,
				4CDD56C027B4108F00A9B537 /* Auth.swift */,
				4CDD56C627B6672D00A9B537 /* Discovery.swift */,
				4CDD56EE27B7A5B100A9B537 /* RemoteRegistration.swift */,
				4CDD570227B93F9E00A9B537 /* Remote.swift */,
				4CDD56BC27B40FAC00A9B537 /* CertificateServerV2.swift */,
				4CDD56C327B412A900A9B537 /* WarpRegistrationProvider.swift */,
				4CDD56E527B79A3700A9B537 /* CertificateClientV2.swift */,
				4CDD56FF27B93F2600A9B537 /* WarpClient.swift */,
			);
			path = Backend;
			sourceTree = "<group>";
		};
		4CDD56E327B7985C00A9B537 /* Views */ = {
			isa = PBXGroup;
			children = (
				4C4A738427B3D2D4004EDA61 /* ContentView.swift */,
			);
			path = Views;
			sourceTree = "<group>";
		};
		4CDD56E427B798D800A9B537 /* ViewModels */ = {
			isa = PBXGroup;
			children = (
				4CDD56E827B79B5100A9B537 /* DiscoveryViewModel.swift */,
			);
			path = ViewModels;
			sourceTree = "<group>";
		};
		4CDD56F827B83C3400A9B537 /* lib */ = {
			isa = PBXGroup;
			children = (
				4CDD56DD27B6808D00A9B537 /* BonjourResolver.swift */,
			);
			path = lib;
			sourceTree = "<group>";
		};
		4CDD570A27B982CA00A9B537 /* warpinator-projectTests */ = {
			isa = PBXGroup;
			children = (
				4CDD571227B9842600A9B537 /* AuthTests.swift */,
			);
			path = "warpinator-projectTests";
			sourceTree = "<group>";
		};
/* End PBXGroup section */

/* Begin PBXNativeTarget section */
		4C4A738927B3D2D5004EDA61 /* warpinator-project (iOS) */ = {
			isa = PBXNativeTarget;
			buildConfigurationList = 4C4A73B327B3D2D6004EDA61 /* Build configuration list for PBXNativeTarget "warpinator-project (iOS)" */;
			buildPhases = (
				4C4A738627B3D2D5004EDA61 /* Sources */,
				4C4A738727B3D2D5004EDA61 /* Frameworks */,
				4C4A738827B3D2D5004EDA61 /* Resources */,
			);
			buildRules = (
			);
			dependencies = (
			);
			name = "warpinator-project (iOS)";
			packageProductDependencies = (
				4CDD56B827B40DE100A9B537 /* CGRPCZlib */,
				4CDD56BA27B40DE100A9B537 /* GRPC */,
				4CDD56FB27B90AC200A9B537 /* Sodium */,
			);
			productName = "warpinator-project (iOS)";
			productReference = 4C4A738A27B3D2D5004EDA61 /* warpinator-project.app */;
			productType = "com.apple.product-type.application";
		};
		4C4A738F27B3D2D5004EDA61 /* warpinator-project (macOS) */ = {
			isa = PBXNativeTarget;
			buildConfigurationList = 4C4A73B627B3D2D6004EDA61 /* Build configuration list for PBXNativeTarget "warpinator-project (macOS)" */;
			buildPhases = (
				4C4A738C27B3D2D5004EDA61 /* Sources */,
				4C4A738D27B3D2D5004EDA61 /* Frameworks */,
				4C4A738E27B3D2D5004EDA61 /* Resources */,
			);
			buildRules = (
			);
			dependencies = (
			);
			name = "warpinator-project (macOS)";
			packageProductDependencies = (
				4C4A73C627B3E2E2004EDA61 /* CGRPCZlib */,
				4C4A73C827B3E2E2004EDA61 /* GRPC */,
				4C4A73CA27B3E2E2004EDA61 /* protoc-gen-grpc-swift */,
				4CDD56FD27B90AD700A9B537 /* Sodium */,
			);
			productName = "warpinator-project (macOS)";
			productReference = 4C4A739027B3D2D5004EDA61 /* warpinator-project.app */;
			productType = "com.apple.product-type.application";
		};
		4C4A739627B3D2D6004EDA61 /* Tests iOS */ = {
			isa = PBXNativeTarget;
			buildConfigurationList = 4C4A73B927B3D2D6004EDA61 /* Build configuration list for PBXNativeTarget "Tests iOS" */;
			buildPhases = (
				4C4A739327B3D2D6004EDA61 /* Sources */,
				4C4A739427B3D2D6004EDA61 /* Frameworks */,
				4C4A739527B3D2D6004EDA61 /* Resources */,
			);
			buildRules = (
			);
			dependencies = (
				4C4A739927B3D2D6004EDA61 /* PBXTargetDependency */,
			);
			name = "Tests iOS";
			productName = "Tests iOS";
			productReference = 4C4A739727B3D2D6004EDA61 /* Tests iOS.xctest */;
			productType = "com.apple.product-type.bundle.ui-testing";
		};
		4C4A73A227B3D2D6004EDA61 /* Tests macOS */ = {
			isa = PBXNativeTarget;
			buildConfigurationList = 4C4A73BC27B3D2D6004EDA61 /* Build configuration list for PBXNativeTarget "Tests macOS" */;
			buildPhases = (
				4C4A739F27B3D2D6004EDA61 /* Sources */,
				4C4A73A027B3D2D6004EDA61 /* Frameworks */,
				4C4A73A127B3D2D6004EDA61 /* Resources */,
			);
			buildRules = (
			);
			dependencies = (
				4C4A73A527B3D2D6004EDA61 /* PBXTargetDependency */,
			);
			name = "Tests macOS";
			productName = "Tests macOS";
			productReference = 4C4A73A327B3D2D6004EDA61 /* Tests macOS.xctest */;
			productType = "com.apple.product-type.bundle.ui-testing";
		};
		4CDD570827B982CA00A9B537 /* warpinator-projectTests */ = {
			isa = PBXNativeTarget;
			buildConfigurationList = 4CDD570F27B982CA00A9B537 /* Build configuration list for PBXNativeTarget "warpinator-projectTests" */;
			buildPhases = (
				4CDD570527B982CA00A9B537 /* Sources */,
				4CDD570627B982CA00A9B537 /* Frameworks */,
				4CDD570727B982CA00A9B537 /* Resources */,
			);
			buildRules = (
			);
			dependencies = (
				4CDD570E27B982CA00A9B537 /* PBXTargetDependency */,
			);
			name = "warpinator-projectTests";
			productName = "warpinator-projectTests";
			productReference = 4CDD570927B982CA00A9B537 /* warpinator-projectTests.xctest */;
			productType = "com.apple.product-type.bundle.unit-test";
		};
/* End PBXNativeTarget section */

/* Begin PBXProject section */
		4C4A737E27B3D2D4004EDA61 /* Project object */ = {
			isa = PBXProject;
			attributes = {
				BuildIndependentTargetsInParallel = 1;
				LastSwiftUpdateCheck = 1320;
				LastUpgradeCheck = 1320;
				TargetAttributes = {
					4C4A738927B3D2D5004EDA61 = {
						CreatedOnToolsVersion = 13.2.1;
					};
					4C4A738F27B3D2D5004EDA61 = {
						CreatedOnToolsVersion = 13.2.1;
					};
					4C4A739627B3D2D6004EDA61 = {
						CreatedOnToolsVersion = 13.2.1;
						TestTargetID = 4C4A738927B3D2D5004EDA61;
					};
					4C4A73A227B3D2D6004EDA61 = {
						CreatedOnToolsVersion = 13.2.1;
						TestTargetID = 4C4A738F27B3D2D5004EDA61;
					};
					4CDD570827B982CA00A9B537 = {
						CreatedOnToolsVersion = 13.2.1;
						TestTargetID = 4C4A738F27B3D2D5004EDA61;
					};
				};
			};
			buildConfigurationList = 4C4A738127B3D2D4004EDA61 /* Build configuration list for PBXProject "warpinator-project" */;
			compatibilityVersion = "Xcode 13.0";
			developmentRegion = en;
			hasScannedForEncodings = 0;
			knownRegions = (
				en,
				Base,
			);
			mainGroup = 4C4A737D27B3D2D4004EDA61;
			packageReferences = (
				4C4A73C527B3E2E2004EDA61 /* XCRemoteSwiftPackageReference "grpc-swift" */,
				4CDD56FA27B90AC100A9B537 /* XCRemoteSwiftPackageReference "swift-sodium" */,
			);
			productRefGroup = 4C4A738B27B3D2D5004EDA61 /* Products */;
			projectDirPath = "";
			projectRoot = "";
			targets = (
				4C4A738927B3D2D5004EDA61 /* warpinator-project (iOS) */,
				4C4A738F27B3D2D5004EDA61 /* warpinator-project (macOS) */,
				4C4A739627B3D2D6004EDA61 /* Tests iOS */,
				4C4A73A227B3D2D6004EDA61 /* Tests macOS */,
				4CDD570827B982CA00A9B537 /* warpinator-projectTests */,
			);
		};
/* End PBXProject section */

/* Begin PBXResourcesBuildPhase section */
		4C4A738827B3D2D5004EDA61 /* Resources */ = {
			isa = PBXResourcesBuildPhase;
			buildActionMask = 2147483647;
			files = (
				4C4A73AF27B3D2D6004EDA61 /* Assets.xcassets in Resources */,
			);
			runOnlyForDeploymentPostprocessing = 0;
		};
		4C4A738E27B3D2D5004EDA61 /* Resources */ = {
			isa = PBXResourcesBuildPhase;
			buildActionMask = 2147483647;
			files = (
				4C4A73B027B3D2D6004EDA61 /* Assets.xcassets in Resources */,
			);
			runOnlyForDeploymentPostprocessing = 0;
		};
		4C4A739527B3D2D6004EDA61 /* Resources */ = {
			isa = PBXResourcesBuildPhase;
			buildActionMask = 2147483647;
			files = (
			);
			runOnlyForDeploymentPostprocessing = 0;
		};
		4C4A73A127B3D2D6004EDA61 /* Resources */ = {
			isa = PBXResourcesBuildPhase;
			buildActionMask = 2147483647;
			files = (
			);
			runOnlyForDeploymentPostprocessing = 0;
		};
		4CDD570727B982CA00A9B537 /* Resources */ = {
			isa = PBXResourcesBuildPhase;
			buildActionMask = 2147483647;
			files = (
			);
			runOnlyForDeploymentPostprocessing = 0;
		};
/* End PBXResourcesBuildPhase section */

/* Begin PBXSourcesBuildPhase section */
		4C4A738627B3D2D5004EDA61 /* Sources */ = {
			isa = PBXSourcesBuildPhase;
			buildActionMask = 2147483647;
			files = (
				4CDD56EC27B79C2C00A9B537 /* WarpBackend.swift in Sources */,
				4CDD56C727B6672D00A9B537 /* Discovery.swift in Sources */,
				4CDD56EF27B7A5B100A9B537 /* RemoteRegistration.swift in Sources */,
				4CDD570327B93F9E00A9B537 /* Remote.swift in Sources */,
				4CDD56BD27B40FAC00A9B537 /* CertificateServerV2.swift in Sources */,
				4CDD56F627B7B85D00A9B537 /* warp.pb.swift in Sources */,
				4CDD570027B93F2600A9B537 /* WarpClient.swift in Sources */,
				4CDD56C427B412A900A9B537 /* WarpRegistrationProvider.swift in Sources */,
				4C4A73CF27B3FB8A004EDA61 /* warp.grpc.swift in Sources */,
				4C4A73AD27B3D2D6004EDA61 /* ContentView.swift in Sources */,
				4CDD56E627B79A3700A9B537 /* CertificateClientV2.swift in Sources */,
				4CDD56E927B79B5100A9B537 /* DiscoveryViewModel.swift in Sources */,
				4CDD56C127B4108F00A9B537 /* Auth.swift in Sources */,
				4CDD56DE27B6808D00A9B537 /* BonjourResolver.swift in Sources */,
				4C4A73D327B3FB8A004EDA61 /* warp.proto in Sources */,
				4C4A73AB27B3D2D6004EDA61 /* warpinator_projectApp.swift in Sources */,
			);
			runOnlyForDeploymentPostprocessing = 0;
		};
		4C4A738C27B3D2D5004EDA61 /* Sources */ = {
			isa = PBXSourcesBuildPhase;
			buildActionMask = 2147483647;
			files = (
				4CDD56ED27B79C2C00A9B537 /* WarpBackend.swift in Sources */,
				4CDD56C827B6672D00A9B537 /* Discovery.swift in Sources */,
				4CDD56F027B7A5B100A9B537 /* RemoteRegistration.swift in Sources */,
				4CDD570427B93F9E00A9B537 /* Remote.swift in Sources */,
				4CDD56BE27B40FAC00A9B537 /* CertificateServerV2.swift in Sources */,
				4CDD56F427B7B85900A9B537 /* warp.pb.swift in Sources */,
				4CDD570127B93F2600A9B537 /* WarpClient.swift in Sources */,
				4CDD56C527B412A900A9B537 /* WarpRegistrationProvider.swift in Sources */,
				4C4A73D027B3FB8A004EDA61 /* warp.grpc.swift in Sources */,
				4C4A73AE27B3D2D6004EDA61 /* ContentView.swift in Sources */,
				4CDD56E727B79A3700A9B537 /* CertificateClientV2.swift in Sources */,
				4CDD56EA27B79B5100A9B537 /* DiscoveryViewModel.swift in Sources */,
				4CDD56C227B4108F00A9B537 /* Auth.swift in Sources */,
				4CDD56DF27B6808D00A9B537 /* BonjourResolver.swift in Sources */,
				4C4A73D427B3FB8A004EDA61 /* warp.proto in Sources */,
				4C4A73AC27B3D2D6004EDA61 /* warpinator_projectApp.swift in Sources */,
			);
			runOnlyForDeploymentPostprocessing = 0;
		};
		4C4A739327B3D2D6004EDA61 /* Sources */ = {
			isa = PBXSourcesBuildPhase;
			buildActionMask = 2147483647;
			files = (
				4C4A739E27B3D2D6004EDA61 /* Tests_iOSLaunchTests.swift in Sources */,
				4C4A739C27B3D2D6004EDA61 /* Tests_iOS.swift in Sources */,
			);
			runOnlyForDeploymentPostprocessing = 0;
		};
		4C4A739F27B3D2D6004EDA61 /* Sources */ = {
			isa = PBXSourcesBuildPhase;
			buildActionMask = 2147483647;
			files = (
				4C4A73AA27B3D2D6004EDA61 /* Tests_macOSLaunchTests.swift in Sources */,
				4C4A73A827B3D2D6004EDA61 /* Tests_macOS.swift in Sources */,
			);
			runOnlyForDeploymentPostprocessing = 0;
		};
		4CDD570527B982CA00A9B537 /* Sources */ = {
			isa = PBXSourcesBuildPhase;
			buildActionMask = 2147483647;
			files = (
				4CDD571327B9842600A9B537 /* AuthTests.swift in Sources */,
			);
			runOnlyForDeploymentPostprocessing = 0;
		};
/* End PBXSourcesBuildPhase section */

/* Begin PBXTargetDependency section */
		4C4A739927B3D2D6004EDA61 /* PBXTargetDependency */ = {
			isa = PBXTargetDependency;
			target = 4C4A738927B3D2D5004EDA61 /* warpinator-project (iOS) */;
			targetProxy = 4C4A739827B3D2D6004EDA61 /* PBXContainerItemProxy */;
		};
		4C4A73A527B3D2D6004EDA61 /* PBXTargetDependency */ = {
			isa = PBXTargetDependency;
			target = 4C4A738F27B3D2D5004EDA61 /* warpinator-project (macOS) */;
			targetProxy = 4C4A73A427B3D2D6004EDA61 /* PBXContainerItemProxy */;
		};
		4CDD570E27B982CA00A9B537 /* PBXTargetDependency */ = {
			isa = PBXTargetDependency;
			target = 4C4A738F27B3D2D5004EDA61 /* warpinator-project (macOS) */;
			targetProxy = 4CDD570D27B982CA00A9B537 /* PBXContainerItemProxy */;
		};
/* End PBXTargetDependency section */

/* Begin XCBuildConfiguration section */
		4C4A73B127B3D2D6004EDA61 /* Debug */ = {
			isa = XCBuildConfiguration;
			buildSettings = {
				ALWAYS_SEARCH_USER_PATHS = NO;
				CLANG_ANALYZER_NONNULL = YES;
				CLANG_ANALYZER_NUMBER_OBJECT_CONVERSION = YES_AGGRESSIVE;
				CLANG_CXX_LANGUAGE_STANDARD = "gnu++17";
				CLANG_CXX_LIBRARY = "libc++";
				CLANG_ENABLE_MODULES = YES;
				CLANG_ENABLE_OBJC_ARC = YES;
				CLANG_ENABLE_OBJC_WEAK = YES;
				CLANG_WARN_BLOCK_CAPTURE_AUTORELEASING = YES;
				CLANG_WARN_BOOL_CONVERSION = YES;
				CLANG_WARN_COMMA = YES;
				CLANG_WARN_CONSTANT_CONVERSION = YES;
				CLANG_WARN_DEPRECATED_OBJC_IMPLEMENTATIONS = YES;
				CLANG_WARN_DIRECT_OBJC_ISA_USAGE = YES_ERROR;
				CLANG_WARN_DOCUMENTATION_COMMENTS = YES;
				CLANG_WARN_EMPTY_BODY = YES;
				CLANG_WARN_ENUM_CONVERSION = YES;
				CLANG_WARN_INFINITE_RECURSION = YES;
				CLANG_WARN_INT_CONVERSION = YES;
				CLANG_WARN_NON_LITERAL_NULL_CONVERSION = YES;
				CLANG_WARN_OBJC_IMPLICIT_RETAIN_SELF = YES;
				CLANG_WARN_OBJC_LITERAL_CONVERSION = YES;
				CLANG_WARN_OBJC_ROOT_CLASS = YES_ERROR;
				CLANG_WARN_QUOTED_INCLUDE_IN_FRAMEWORK_HEADER = YES;
				CLANG_WARN_RANGE_LOOP_ANALYSIS = YES;
				CLANG_WARN_STRICT_PROTOTYPES = YES;
				CLANG_WARN_SUSPICIOUS_MOVE = YES;
				CLANG_WARN_UNGUARDED_AVAILABILITY = YES_AGGRESSIVE;
				CLANG_WARN_UNREACHABLE_CODE = YES;
				CLANG_WARN__DUPLICATE_METHOD_MATCH = YES;
				COPY_PHASE_STRIP = NO;
				DEBUG_INFORMATION_FORMAT = dwarf;
				ENABLE_STRICT_OBJC_MSGSEND = YES;
				ENABLE_TESTABILITY = YES;
				GCC_C_LANGUAGE_STANDARD = gnu11;
				GCC_DYNAMIC_NO_PIC = NO;
				GCC_NO_COMMON_BLOCKS = YES;
				GCC_OPTIMIZATION_LEVEL = 0;
				GCC_PREPROCESSOR_DEFINITIONS = (
					"DEBUG=1",
					"$(inherited)",
				);
				GCC_WARN_64_TO_32_BIT_CONVERSION = YES;
				GCC_WARN_ABOUT_RETURN_TYPE = YES_ERROR;
				GCC_WARN_UNDECLARED_SELECTOR = YES;
				GCC_WARN_UNINITIALIZED_AUTOS = YES_AGGRESSIVE;
				GCC_WARN_UNUSED_FUNCTION = YES;
				GCC_WARN_UNUSED_VARIABLE = YES;
				IPHONEOS_DEPLOYMENT_TARGET = 14.0;
				MTL_ENABLE_DEBUG_INFO = INCLUDE_SOURCE;
				MTL_FAST_MATH = YES;
				ONLY_ACTIVE_ARCH = YES;
				SWIFT_ACTIVE_COMPILATION_CONDITIONS = DEBUG;
				SWIFT_OPTIMIZATION_LEVEL = "-Onone";
			};
			name = Debug;
		};
		4C4A73B227B3D2D6004EDA61 /* Release */ = {
			isa = XCBuildConfiguration;
			buildSettings = {
				ALWAYS_SEARCH_USER_PATHS = NO;
				CLANG_ANALYZER_NONNULL = YES;
				CLANG_ANALYZER_NUMBER_OBJECT_CONVERSION = YES_AGGRESSIVE;
				CLANG_CXX_LANGUAGE_STANDARD = "gnu++17";
				CLANG_CXX_LIBRARY = "libc++";
				CLANG_ENABLE_MODULES = YES;
				CLANG_ENABLE_OBJC_ARC = YES;
				CLANG_ENABLE_OBJC_WEAK = YES;
				CLANG_WARN_BLOCK_CAPTURE_AUTORELEASING = YES;
				CLANG_WARN_BOOL_CONVERSION = YES;
				CLANG_WARN_COMMA = YES;
				CLANG_WARN_CONSTANT_CONVERSION = YES;
				CLANG_WARN_DEPRECATED_OBJC_IMPLEMENTATIONS = YES;
				CLANG_WARN_DIRECT_OBJC_ISA_USAGE = YES_ERROR;
				CLANG_WARN_DOCUMENTATION_COMMENTS = YES;
				CLANG_WARN_EMPTY_BODY = YES;
				CLANG_WARN_ENUM_CONVERSION = YES;
				CLANG_WARN_INFINITE_RECURSION = YES;
				CLANG_WARN_INT_CONVERSION = YES;
				CLANG_WARN_NON_LITERAL_NULL_CONVERSION = YES;
				CLANG_WARN_OBJC_IMPLICIT_RETAIN_SELF = YES;
				CLANG_WARN_OBJC_LITERAL_CONVERSION = YES;
				CLANG_WARN_OBJC_ROOT_CLASS = YES_ERROR;
				CLANG_WARN_QUOTED_INCLUDE_IN_FRAMEWORK_HEADER = YES;
				CLANG_WARN_RANGE_LOOP_ANALYSIS = YES;
				CLANG_WARN_STRICT_PROTOTYPES = YES;
				CLANG_WARN_SUSPICIOUS_MOVE = YES;
				CLANG_WARN_UNGUARDED_AVAILABILITY = YES_AGGRESSIVE;
				CLANG_WARN_UNREACHABLE_CODE = YES;
				CLANG_WARN__DUPLICATE_METHOD_MATCH = YES;
				COPY_PHASE_STRIP = NO;
				DEBUG_INFORMATION_FORMAT = "dwarf-with-dsym";
				ENABLE_NS_ASSERTIONS = NO;
				ENABLE_STRICT_OBJC_MSGSEND = YES;
				GCC_C_LANGUAGE_STANDARD = gnu11;
				GCC_NO_COMMON_BLOCKS = YES;
				GCC_WARN_64_TO_32_BIT_CONVERSION = YES;
				GCC_WARN_ABOUT_RETURN_TYPE = YES_ERROR;
				GCC_WARN_UNDECLARED_SELECTOR = YES;
				GCC_WARN_UNINITIALIZED_AUTOS = YES_AGGRESSIVE;
				GCC_WARN_UNUSED_FUNCTION = YES;
				GCC_WARN_UNUSED_VARIABLE = YES;
				IPHONEOS_DEPLOYMENT_TARGET = 14.0;
				MTL_ENABLE_DEBUG_INFO = NO;
				MTL_FAST_MATH = YES;
				SWIFT_COMPILATION_MODE = wholemodule;
				SWIFT_OPTIMIZATION_LEVEL = "-O";
			};
			name = Release;
		};
		4C4A73B427B3D2D6004EDA61 /* Debug */ = {
			isa = XCBuildConfiguration;
			buildSettings = {
				ASSETCATALOG_COMPILER_APPICON_NAME = AppIcon;
				ASSETCATALOG_COMPILER_GLOBAL_ACCENT_COLOR_NAME = AccentColor;
				CODE_SIGN_STYLE = Automatic;
				CURRENT_PROJECT_VERSION = 1;
				DEVELOPMENT_TEAM = 6THNG9YB47;
				ENABLE_PREVIEWS = YES;
				GENERATE_INFOPLIST_FILE = YES;
				INFOPLIST_FILE = "warpinator-project--iOS--Info.plist";
				INFOPLIST_KEY_UIApplicationSceneManifest_Generation = YES;
				INFOPLIST_KEY_UIApplicationSupportsIndirectInputEvents = YES;
				INFOPLIST_KEY_UILaunchScreen_Generation = YES;
				INFOPLIST_KEY_UISupportedInterfaceOrientations_iPad = "UIInterfaceOrientationPortrait UIInterfaceOrientationPortraitUpsideDown UIInterfaceOrientationLandscapeLeft UIInterfaceOrientationLandscapeRight";
				INFOPLIST_KEY_UISupportedInterfaceOrientations_iPhone = "UIInterfaceOrientationPortrait UIInterfaceOrientationLandscapeLeft UIInterfaceOrientationLandscapeRight";
				IPHONEOS_DEPLOYMENT_TARGET = 15.2;
				LD_RUNPATH_SEARCH_PATHS = (
					"$(inherited)",
					"@executable_path/Frameworks",
				);
				MARKETING_VERSION = 1.0;
				PRODUCT_BUNDLE_IDENTIFIER = "io.github.emanuelkuhn.warpinator-project";
				PRODUCT_NAME = "warpinator-project";
				SDKROOT = iphoneos;
				SWIFT_EMIT_LOC_STRINGS = YES;
				SWIFT_VERSION = 5.0;
				TARGETED_DEVICE_FAMILY = "1,2";
			};
			name = Debug;
		};
		4C4A73B527B3D2D6004EDA61 /* Release */ = {
			isa = XCBuildConfiguration;
			buildSettings = {
				ASSETCATALOG_COMPILER_APPICON_NAME = AppIcon;
				ASSETCATALOG_COMPILER_GLOBAL_ACCENT_COLOR_NAME = AccentColor;
				CODE_SIGN_STYLE = Automatic;
				CURRENT_PROJECT_VERSION = 1;
				DEVELOPMENT_TEAM = 6THNG9YB47;
				ENABLE_PREVIEWS = YES;
				GENERATE_INFOPLIST_FILE = YES;
				INFOPLIST_FILE = "warpinator-project--iOS--Info.plist";
				INFOPLIST_KEY_UIApplicationSceneManifest_Generation = YES;
				INFOPLIST_KEY_UIApplicationSupportsIndirectInputEvents = YES;
				INFOPLIST_KEY_UILaunchScreen_Generation = YES;
				INFOPLIST_KEY_UISupportedInterfaceOrientations_iPad = "UIInterfaceOrientationPortrait UIInterfaceOrientationPortraitUpsideDown UIInterfaceOrientationLandscapeLeft UIInterfaceOrientationLandscapeRight";
				INFOPLIST_KEY_UISupportedInterfaceOrientations_iPhone = "UIInterfaceOrientationPortrait UIInterfaceOrientationLandscapeLeft UIInterfaceOrientationLandscapeRight";
				IPHONEOS_DEPLOYMENT_TARGET = 15.2;
				LD_RUNPATH_SEARCH_PATHS = (
					"$(inherited)",
					"@executable_path/Frameworks",
				);
				MARKETING_VERSION = 1.0;
				PRODUCT_BUNDLE_IDENTIFIER = "io.github.emanuelkuhn.warpinator-project";
				PRODUCT_NAME = "warpinator-project";
				SDKROOT = iphoneos;
				SWIFT_EMIT_LOC_STRINGS = YES;
				SWIFT_VERSION = 5.0;
				TARGETED_DEVICE_FAMILY = "1,2";
				VALIDATE_PRODUCT = YES;
			};
			name = Release;
		};
		4C4A73B727B3D2D6004EDA61 /* Debug */ = {
			isa = XCBuildConfiguration;
			buildSettings = {
				ASSETCATALOG_COMPILER_APPICON_NAME = AppIcon;
				ASSETCATALOG_COMPILER_GLOBAL_ACCENT_COLOR_NAME = AccentColor;
				CODE_SIGN_ENTITLEMENTS = macOS/macOS.entitlements;
				CODE_SIGN_STYLE = Automatic;
				COMBINE_HIDPI_IMAGES = YES;
				CURRENT_PROJECT_VERSION = 1;
				DEVELOPMENT_TEAM = 6THNG9YB47;
				ENABLE_HARDENED_RUNTIME = YES;
				ENABLE_PREVIEWS = YES;
				GENERATE_INFOPLIST_FILE = YES;
				INFOPLIST_KEY_NSHumanReadableCopyright = "";
				LD_RUNPATH_SEARCH_PATHS = (
					"$(inherited)",
					"@executable_path/../Frameworks",
				);
				MACOSX_DEPLOYMENT_TARGET = 11.6;
				MARKETING_VERSION = 1.0;
				PRODUCT_BUNDLE_IDENTIFIER = "io.github.emanuelkuhn.warpinator-project";
				PRODUCT_NAME = "warpinator-project";
				SDKROOT = macosx;
				SWIFT_EMIT_LOC_STRINGS = YES;
				SWIFT_VERSION = 5.0;
			};
			name = Debug;
		};
		4C4A73B827B3D2D6004EDA61 /* Release */ = {
			isa = XCBuildConfiguration;
			buildSettings = {
				ASSETCATALOG_COMPILER_APPICON_NAME = AppIcon;
				ASSETCATALOG_COMPILER_GLOBAL_ACCENT_COLOR_NAME = AccentColor;
				CODE_SIGN_ENTITLEMENTS = macOS/macOS.entitlements;
				CODE_SIGN_STYLE = Automatic;
				COMBINE_HIDPI_IMAGES = YES;
				CURRENT_PROJECT_VERSION = 1;
				DEVELOPMENT_TEAM = 6THNG9YB47;
				ENABLE_HARDENED_RUNTIME = YES;
				ENABLE_PREVIEWS = YES;
				GENERATE_INFOPLIST_FILE = YES;
				INFOPLIST_KEY_NSHumanReadableCopyright = "";
				LD_RUNPATH_SEARCH_PATHS = (
					"$(inherited)",
					"@executable_path/../Frameworks",
				);
				MACOSX_DEPLOYMENT_TARGET = 11.6;
				MARKETING_VERSION = 1.0;
				PRODUCT_BUNDLE_IDENTIFIER = "io.github.emanuelkuhn.warpinator-project";
				PRODUCT_NAME = "warpinator-project";
				SDKROOT = macosx;
				SWIFT_EMIT_LOC_STRINGS = YES;
				SWIFT_VERSION = 5.0;
			};
			name = Release;
		};
		4C4A73BA27B3D2D6004EDA61 /* Debug */ = {
			isa = XCBuildConfiguration;
			buildSettings = {
				ALWAYS_EMBED_SWIFT_STANDARD_LIBRARIES = YES;
				CODE_SIGN_STYLE = Automatic;
				CURRENT_PROJECT_VERSION = 1;
				DEVELOPMENT_TEAM = 6THNG9YB47;
				GENERATE_INFOPLIST_FILE = YES;
				IPHONEOS_DEPLOYMENT_TARGET = 15.2;
				MARKETING_VERSION = 1.0;
				PRODUCT_BUNDLE_IDENTIFIER = "io.github.emanuelkuhn.Tests-iOS";
				PRODUCT_NAME = "$(TARGET_NAME)";
				SDKROOT = iphoneos;
				SWIFT_EMIT_LOC_STRINGS = NO;
				SWIFT_VERSION = 5.0;
				TARGETED_DEVICE_FAMILY = "1,2";
				TEST_TARGET_NAME = "warpinator-project (iOS)";
			};
			name = Debug;
		};
		4C4A73BB27B3D2D6004EDA61 /* Release */ = {
			isa = XCBuildConfiguration;
			buildSettings = {
				ALWAYS_EMBED_SWIFT_STANDARD_LIBRARIES = YES;
				CODE_SIGN_STYLE = Automatic;
				CURRENT_PROJECT_VERSION = 1;
				DEVELOPMENT_TEAM = 6THNG9YB47;
				GENERATE_INFOPLIST_FILE = YES;
				IPHONEOS_DEPLOYMENT_TARGET = 15.2;
				MARKETING_VERSION = 1.0;
				PRODUCT_BUNDLE_IDENTIFIER = "io.github.emanuelkuhn.Tests-iOS";
				PRODUCT_NAME = "$(TARGET_NAME)";
				SDKROOT = iphoneos;
				SWIFT_EMIT_LOC_STRINGS = NO;
				SWIFT_VERSION = 5.0;
				TARGETED_DEVICE_FAMILY = "1,2";
				TEST_TARGET_NAME = "warpinator-project (iOS)";
				VALIDATE_PRODUCT = YES;
			};
			name = Release;
		};
		4C4A73BD27B3D2D6004EDA61 /* Debug */ = {
			isa = XCBuildConfiguration;
			buildSettings = {
				ALWAYS_EMBED_SWIFT_STANDARD_LIBRARIES = YES;
				CODE_SIGN_STYLE = Automatic;
				CURRENT_PROJECT_VERSION = 1;
				DEVELOPMENT_TEAM = 6THNG9YB47;
				GENERATE_INFOPLIST_FILE = YES;
				MACOSX_DEPLOYMENT_TARGET = 11.6;
				MARKETING_VERSION = 1.0;
				PRODUCT_BUNDLE_IDENTIFIER = "io.github.emanuelkuhn.Tests-macOS";
				PRODUCT_NAME = "$(TARGET_NAME)";
				SDKROOT = macosx;
				SWIFT_EMIT_LOC_STRINGS = NO;
				SWIFT_VERSION = 5.0;
				TEST_TARGET_NAME = "warpinator-project (macOS)";
			};
			name = Debug;
		};
		4C4A73BE27B3D2D6004EDA61 /* Release */ = {
			isa = XCBuildConfiguration;
			buildSettings = {
				ALWAYS_EMBED_SWIFT_STANDARD_LIBRARIES = YES;
				CODE_SIGN_STYLE = Automatic;
				CURRENT_PROJECT_VERSION = 1;
				DEVELOPMENT_TEAM = 6THNG9YB47;
				GENERATE_INFOPLIST_FILE = YES;
				MACOSX_DEPLOYMENT_TARGET = 11.6;
				MARKETING_VERSION = 1.0;
				PRODUCT_BUNDLE_IDENTIFIER = "io.github.emanuelkuhn.Tests-macOS";
				PRODUCT_NAME = "$(TARGET_NAME)";
				SDKROOT = macosx;
				SWIFT_EMIT_LOC_STRINGS = NO;
				SWIFT_VERSION = 5.0;
				TEST_TARGET_NAME = "warpinator-project (macOS)";
			};
			name = Release;
		};
		4CDD571027B982CA00A9B537 /* Debug */ = {
			isa = XCBuildConfiguration;
			buildSettings = {
				BUNDLE_LOADER = "$(TEST_HOST)";
				CODE_SIGN_STYLE = Automatic;
				CURRENT_PROJECT_VERSION = 1;
				DEVELOPMENT_TEAM = 6THNG9YB47;
				GENERATE_INFOPLIST_FILE = YES;
				MACOSX_DEPLOYMENT_TARGET = 11.6;
				MARKETING_VERSION = 1.0;
				PRODUCT_BUNDLE_IDENTIFIER = "io.github.emanuelkuhn.warpinator-projectTests";
				PRODUCT_NAME = "$(TARGET_NAME)";
				SDKROOT = macosx;
				SWIFT_EMIT_LOC_STRINGS = NO;
				SWIFT_VERSION = 5.0;
				TEST_HOST = "$(BUILT_PRODUCTS_DIR)/warpinator-project.app/Contents/MacOS/warpinator-project";
			};
			name = Debug;
		};
		4CDD571127B982CA00A9B537 /* Release */ = {
			isa = XCBuildConfiguration;
			buildSettings = {
				BUNDLE_LOADER = "$(TEST_HOST)";
				CODE_SIGN_STYLE = Automatic;
				CURRENT_PROJECT_VERSION = 1;
				DEVELOPMENT_TEAM = 6THNG9YB47;
				GENERATE_INFOPLIST_FILE = YES;
				MACOSX_DEPLOYMENT_TARGET = 11.6;
				MARKETING_VERSION = 1.0;
				PRODUCT_BUNDLE_IDENTIFIER = "io.github.emanuelkuhn.warpinator-projectTests";
				PRODUCT_NAME = "$(TARGET_NAME)";
				SDKROOT = macosx;
				SWIFT_EMIT_LOC_STRINGS = NO;
				SWIFT_VERSION = 5.0;
				TEST_HOST = "$(BUILT_PRODUCTS_DIR)/warpinator-project.app/Contents/MacOS/warpinator-project";
			};
			name = Release;
		};
/* End XCBuildConfiguration section */

/* Begin XCConfigurationList section */
		4C4A738127B3D2D4004EDA61 /* Build configuration list for PBXProject "warpinator-project" */ = {
			isa = XCConfigurationList;
			buildConfigurations = (
				4C4A73B127B3D2D6004EDA61 /* Debug */,
				4C4A73B227B3D2D6004EDA61 /* Release */,
			);
			defaultConfigurationIsVisible = 0;
			defaultConfigurationName = Release;
		};
		4C4A73B327B3D2D6004EDA61 /* Build configuration list for PBXNativeTarget "warpinator-project (iOS)" */ = {
			isa = XCConfigurationList;
			buildConfigurations = (
				4C4A73B427B3D2D6004EDA61 /* Debug */,
				4C4A73B527B3D2D6004EDA61 /* Release */,
			);
			defaultConfigurationIsVisible = 0;
			defaultConfigurationName = Release;
		};
		4C4A73B627B3D2D6004EDA61 /* Build configuration list for PBXNativeTarget "warpinator-project (macOS)" */ = {
			isa = XCConfigurationList;
			buildConfigurations = (
				4C4A73B727B3D2D6004EDA61 /* Debug */,
				4C4A73B827B3D2D6004EDA61 /* Release */,
			);
			defaultConfigurationIsVisible = 0;
			defaultConfigurationName = Release;
		};
		4C4A73B927B3D2D6004EDA61 /* Build configuration list for PBXNativeTarget "Tests iOS" */ = {
			isa = XCConfigurationList;
			buildConfigurations = (
				4C4A73BA27B3D2D6004EDA61 /* Debug */,
				4C4A73BB27B3D2D6004EDA61 /* Release */,
			);
			defaultConfigurationIsVisible = 0;
			defaultConfigurationName = Release;
		};
		4C4A73BC27B3D2D6004EDA61 /* Build configuration list for PBXNativeTarget "Tests macOS" */ = {
			isa = XCConfigurationList;
			buildConfigurations = (
				4C4A73BD27B3D2D6004EDA61 /* Debug */,
				4C4A73BE27B3D2D6004EDA61 /* Release */,
			);
			defaultConfigurationIsVisible = 0;
			defaultConfigurationName = Release;
		};
		4CDD570F27B982CA00A9B537 /* Build configuration list for PBXNativeTarget "warpinator-projectTests" */ = {
			isa = XCConfigurationList;
			buildConfigurations = (
				4CDD571027B982CA00A9B537 /* Debug */,
				4CDD571127B982CA00A9B537 /* Release */,
			);
			defaultConfigurationIsVisible = 0;
			defaultConfigurationName = Release;
		};
/* End XCConfigurationList section */

/* Begin XCRemoteSwiftPackageReference section */
		4C4A73C527B3E2E2004EDA61 /* XCRemoteSwiftPackageReference "grpc-swift" */ = {
			isa = XCRemoteSwiftPackageReference;
			repositoryURL = "https://github.com/grpc/grpc-swift";
			requirement = {
				kind = revision;
				revision = 30fd564c464984b93eca9ca688a998a4f84c9d89;
			};
		};
		4CDD56FA27B90AC100A9B537 /* XCRemoteSwiftPackageReference "swift-sodium" */ = {
			isa = XCRemoteSwiftPackageReference;
			repositoryURL = "https://github.com/jedisct1/swift-sodium.git";
			requirement = {
				kind = upToNextMajorVersion;
				minimumVersion = 0.9.1;
			};
		};
/* End XCRemoteSwiftPackageReference section */

/* Begin XCSwiftPackageProductDependency section */
		4C4A73C627B3E2E2004EDA61 /* CGRPCZlib */ = {
			isa = XCSwiftPackageProductDependency;
			package = 4C4A73C527B3E2E2004EDA61 /* XCRemoteSwiftPackageReference "grpc-swift" */;
			productName = CGRPCZlib;
		};
		4C4A73C827B3E2E2004EDA61 /* GRPC */ = {
			isa = XCSwiftPackageProductDependency;
			package = 4C4A73C527B3E2E2004EDA61 /* XCRemoteSwiftPackageReference "grpc-swift" */;
			productName = GRPC;
		};
		4C4A73CA27B3E2E2004EDA61 /* protoc-gen-grpc-swift */ = {
			isa = XCSwiftPackageProductDependency;
			package = 4C4A73C527B3E2E2004EDA61 /* XCRemoteSwiftPackageReference "grpc-swift" */;
			productName = "protoc-gen-grpc-swift";
		};
		4CDD56B827B40DE100A9B537 /* CGRPCZlib */ = {
			isa = XCSwiftPackageProductDependency;
			package = 4C4A73C527B3E2E2004EDA61 /* XCRemoteSwiftPackageReference "grpc-swift" */;
			productName = CGRPCZlib;
		};
		4CDD56BA27B40DE100A9B537 /* GRPC */ = {
			isa = XCSwiftPackageProductDependency;
			package = 4C4A73C527B3E2E2004EDA61 /* XCRemoteSwiftPackageReference "grpc-swift" */;
			productName = GRPC;
		};
		4CDD56FB27B90AC200A9B537 /* Sodium */ = {
			isa = XCSwiftPackageProductDependency;
			package = 4CDD56FA27B90AC100A9B537 /* XCRemoteSwiftPackageReference "swift-sodium" */;
			productName = Sodium;
		};
		4CDD56FD27B90AD700A9B537 /* Sodium */ = {
			isa = XCSwiftPackageProductDependency;
			package = 4CDD56FA27B90AC100A9B537 /* XCRemoteSwiftPackageReference "swift-sodium" */;
			productName = Sodium;
		};
/* End XCSwiftPackageProductDependency section */
	};
	rootObject = 4C4A737E27B3D2D4004EDA61 /* Project object */;
}
