// !$*UTF8*$!
{
	archiveVersion = 1;
	classes = {
	};
	objectVersion = 55;
	objects = {

/* Begin PBXBuildFile section */
		4C1443B327E728F400F87557 /* Shield in Frameworks */ = {isa = PBXBuildFile; productRef = 4C1443B227E728F400F87557 /* Shield */; };
		4C1443B527E7290000F87557 /* Shield in Frameworks */ = {isa = PBXBuildFile; productRef = 4C1443B427E7290000F87557 /* Shield */; };
		4C1443B727E7A2E600F87557 /* NetworkConfig.swift in Sources */ = {isa = PBXBuildFile; fileRef = 4C1443B627E7A2E600F87557 /* NetworkConfig.swift */; };
		4C1443B827E7A2E600F87557 /* NetworkConfig.swift in Sources */ = {isa = PBXBuildFile; fileRef = 4C1443B627E7A2E600F87557 /* NetworkConfig.swift */; };
		4C21479227EB3E1700DF0302 /* DocumentPicker.swift in Sources */ = {isa = PBXBuildFile; fileRef = 4C7E832927EB2ED400E393B5 /* DocumentPicker.swift */; };
		4C39E80827E8C89F000F0ACD /* TransferOp.swift in Sources */ = {isa = PBXBuildFile; fileRef = 4C39E80727E8C89F000F0ACD /* TransferOp.swift */; };
		4C39E80927E8C89F000F0ACD /* TransferOp.swift in Sources */ = {isa = PBXBuildFile; fileRef = 4C39E80727E8C89F000F0ACD /* TransferOp.swift */; };
		4C3F86B527E7B0D900555A83 /* AuthTests.swift in Sources */ = {isa = PBXBuildFile; fileRef = 4CDD571227B9842600A9B537 /* AuthTests.swift */; };
		4C3F86B727E7B87700555A83 /* NetworkUtils.swift in Sources */ = {isa = PBXBuildFile; fileRef = 4C3F86B627E7B87700555A83 /* NetworkUtils.swift */; };
		4C3F86B827E7B87800555A83 /* NetworkUtils.swift in Sources */ = {isa = PBXBuildFile; fileRef = 4C3F86B627E7B87700555A83 /* NetworkUtils.swift */; };
		4C3F86BA27E7B93200555A83 /* Utils.swift in Sources */ = {isa = PBXBuildFile; fileRef = 4C3F86B927E7B93200555A83 /* Utils.swift */; };
		4C3F86BB27E7B93200555A83 /* Utils.swift in Sources */ = {isa = PBXBuildFile; fileRef = 4C3F86B927E7B93200555A83 /* Utils.swift */; };
		4C418C352801C98700E01D60 /* FileProvider.swift in Sources */ = {isa = PBXBuildFile; fileRef = 4C418C342801C98700E01D60 /* FileProvider.swift */; };
		4C418C362801C98700E01D60 /* FileProvider.swift in Sources */ = {isa = PBXBuildFile; fileRef = 4C418C342801C98700E01D60 /* FileProvider.swift */; };
		4C4A739E27B3D2D6004EDA61 /* Tests_iOSLaunchTests.swift in Sources */ = {isa = PBXBuildFile; fileRef = 4C4A739D27B3D2D6004EDA61 /* Tests_iOSLaunchTests.swift */; };
		4C4A73AA27B3D2D6004EDA61 /* Tests_macOSLaunchTests.swift in Sources */ = {isa = PBXBuildFile; fileRef = 4C4A73A927B3D2D6004EDA61 /* Tests_macOSLaunchTests.swift */; };
		4C4A73AB27B3D2D6004EDA61 /* warpinator_projectApp.swift in Sources */ = {isa = PBXBuildFile; fileRef = 4C4A738327B3D2D4004EDA61 /* warpinator_projectApp.swift */; };
		4C4A73AC27B3D2D6004EDA61 /* warpinator_projectApp.swift in Sources */ = {isa = PBXBuildFile; fileRef = 4C4A738327B3D2D4004EDA61 /* warpinator_projectApp.swift */; };
		4C4A73AD27B3D2D6004EDA61 /* ContentView.swift in Sources */ = {isa = PBXBuildFile; fileRef = 4C4A738427B3D2D4004EDA61 /* ContentView.swift */; };
		4C4A73AE27B3D2D6004EDA61 /* ContentView.swift in Sources */ = {isa = PBXBuildFile; fileRef = 4C4A738427B3D2D4004EDA61 /* ContentView.swift */; };
		4C4A73AF27B3D2D6004EDA61 /* Assets.xcassets in Resources */ = {isa = PBXBuildFile; fileRef = 4C4A738527B3D2D5004EDA61 /* Assets.xcassets */; };
		4C4A73B027B3D2D6004EDA61 /* Assets.xcassets in Resources */ = {isa = PBXBuildFile; fileRef = 4C4A738527B3D2D5004EDA61 /* Assets.xcassets */; };
		4C4A73C727B3E2E2004EDA61 /* CGRPCZlib in Frameworks */ = {isa = PBXBuildFile; productRef = 4C4A73C627B3E2E2004EDA61 /* CGRPCZlib */; };
		4C4A73C927B3E2E2004EDA61 /* GRPC in Frameworks */ = {isa = PBXBuildFile; productRef = 4C4A73C827B3E2E2004EDA61 /* GRPC */; };
		4C4A73CB27B3E2E2004EDA61 /* protoc-gen-grpc-swift in Frameworks */ = {isa = PBXBuildFile; productRef = 4C4A73CA27B3E2E2004EDA61 /* protoc-gen-grpc-swift */; };
		4C4A73CF27B3FB8A004EDA61 /* warp.grpc.swift in Sources */ = {isa = PBXBuildFile; fileRef = 4C4A73CC27B3FB89004EDA61 /* warp.grpc.swift */; };
		4C4A73D027B3FB8A004EDA61 /* warp.grpc.swift in Sources */ = {isa = PBXBuildFile; fileRef = 4C4A73CC27B3FB89004EDA61 /* warp.grpc.swift */; };
		4C4A73D327B3FB8A004EDA61 /* warp.proto in Sources */ = {isa = PBXBuildFile; fileRef = 4C4A73CE27B3FB8A004EDA61 /* warp.proto */; };
		4C4A73D427B3FB8A004EDA61 /* warp.proto in Sources */ = {isa = PBXBuildFile; fileRef = 4C4A73CE27B3FB8A004EDA61 /* warp.proto */; };
		4C4E20A127E5FD25001695FC /* WarpServer.swift in Sources */ = {isa = PBXBuildFile; fileRef = 4C4E20A027E5FD25001695FC /* WarpServer.swift */; };
		4C4E20A227E5FD25001695FC /* WarpServer.swift in Sources */ = {isa = PBXBuildFile; fileRef = 4C4E20A027E5FD25001695FC /* WarpServer.swift */; };
		4C5039EB28461C6600D20F04 /* TransferDownloader.swift in Sources */ = {isa = PBXBuildFile; fileRef = 4C5039EA28461C6600D20F04 /* TransferDownloader.swift */; };
		4C5039EC28461C6600D20F04 /* TransferDownloader.swift in Sources */ = {isa = PBXBuildFile; fileRef = 4C5039EA28461C6600D20F04 /* TransferDownloader.swift */; };
		4C5C7EF22846764E0063BE6F /* TransferDownloaderTests.swift in Sources */ = {isa = PBXBuildFile; fileRef = 4C5C7EF12846764E0063BE6F /* TransferDownloaderTests.swift */; };
		4C5C7EF32846764E0063BE6F /* TransferDownloaderTests.swift in Sources */ = {isa = PBXBuildFile; fileRef = 4C5C7EF12846764E0063BE6F /* TransferDownloaderTests.swift */; };
		4C7E832A27EB2ED400E393B5 /* DocumentPicker.swift in Sources */ = {isa = PBXBuildFile; fileRef = 4C7E832927EB2ED400E393B5 /* DocumentPicker.swift */; };
		4CA343772802D32F00702DD6 /* Backpressure.swift in Sources */ = {isa = PBXBuildFile; fileRef = 4CA343762802D32F00702DD6 /* Backpressure.swift */; };
		4CA343782802D32F00702DD6 /* Backpressure.swift in Sources */ = {isa = PBXBuildFile; fileRef = 4CA343762802D32F00702DD6 /* Backpressure.swift */; };
		4CA9E5B0280D808F0044CE1F /* WarpIntegrationTests.swift in Sources */ = {isa = PBXBuildFile; fileRef = 4CA9E5AE280D80890044CE1F /* WarpIntegrationTests.swift */; };
		4CA9E5B1280D808F0044CE1F /* WarpIntegrationTests.swift in Sources */ = {isa = PBXBuildFile; fileRef = 4CA9E5AE280D80890044CE1F /* WarpIntegrationTests.swift */; };
		4CA9E5B5280D89DD0044CE1F /* WarpServerProvider.swift in Sources */ = {isa = PBXBuildFile; fileRef = 4CA9E5B4280D89DD0044CE1F /* WarpServerProvider.swift */; };
		4CA9E5B6280D89DD0044CE1F /* WarpServerProvider.swift in Sources */ = {isa = PBXBuildFile; fileRef = 4CA9E5B4280D89DD0044CE1F /* WarpServerProvider.swift */; };
		4CA9E5B8280F02220044CE1F /* WarpServerInterceptors.swift in Sources */ = {isa = PBXBuildFile; fileRef = 4CA9E5B7280F02220044CE1F /* WarpServerInterceptors.swift */; };
		4CA9E5B9280F02220044CE1F /* WarpServerInterceptors.swift in Sources */ = {isa = PBXBuildFile; fileRef = 4CA9E5B7280F02220044CE1F /* WarpServerInterceptors.swift */; };
		4CA9E5BC280F11040044CE1F /* Discovery.swift in Sources */ = {isa = PBXBuildFile; fileRef = 4CA9E5BB280F11040044CE1F /* Discovery.swift */; };
		4CA9E5BE280F11390044CE1F /* Peer.swift in Sources */ = {isa = PBXBuildFile; fileRef = 4CA9E5BD280F11390044CE1F /* Peer.swift */; };
		4CA9E5BF280F11740044CE1F /* Peer.swift in Sources */ = {isa = PBXBuildFile; fileRef = 4CA9E5BD280F11390044CE1F /* Peer.swift */; };
		4CA9E5C1280F127A0044CE1F /* Discovery.swift in Sources */ = {isa = PBXBuildFile; fileRef = 4CA9E5BB280F11040044CE1F /* Discovery.swift */; };
		4CA9E5C5281447A90044CE1F /* TestDiscovery.swift in Sources */ = {isa = PBXBuildFile; fileRef = 4CA9E5C4281447A90044CE1F /* TestDiscovery.swift */; };
		4CA9E5C7281448060044CE1F /* TestWarpInstance.swift in Sources */ = {isa = PBXBuildFile; fileRef = 4CA9E5C6281448060044CE1F /* TestWarpInstance.swift */; };
		4CA9E5C9281449460044CE1F /* helpers.swift in Sources */ = {isa = PBXBuildFile; fileRef = 4CA9E5C8281449460044CE1F /* helpers.swift */; };
		4CA9E5CA281468C30044CE1F /* TestDiscovery.swift in Sources */ = {isa = PBXBuildFile; fileRef = 4CA9E5C4281447A90044CE1F /* TestDiscovery.swift */; };
		4CA9E5CB281468C50044CE1F /* TestWarpInstance.swift in Sources */ = {isa = PBXBuildFile; fileRef = 4CA9E5C6281448060044CE1F /* TestWarpInstance.swift */; };
		4CA9E5CC281468CC0044CE1F /* helpers.swift in Sources */ = {isa = PBXBuildFile; fileRef = 4CA9E5C8281449460044CE1F /* helpers.swift */; };
		4CD3F06F283CC23200DFE396 /* ObservableValue.swift in Sources */ = {isa = PBXBuildFile; fileRef = 4CD3F06E283CC23200DFE396 /* ObservableValue.swift */; };
		4CD3F070283CC23200DFE396 /* ObservableValue.swift in Sources */ = {isa = PBXBuildFile; fileRef = 4CD3F06E283CC23200DFE396 /* ObservableValue.swift */; };
		4CD3F072283CEA6A00DFE396 /* TransferOpView.swift in Sources */ = {isa = PBXBuildFile; fileRef = 4CD3F071283CEA6A00DFE396 /* TransferOpView.swift */; };
		4CD3F073283CEA6A00DFE396 /* TransferOpView.swift in Sources */ = {isa = PBXBuildFile; fileRef = 4CD3F071283CEA6A00DFE396 /* TransferOpView.swift */; };
		4CDD56B927B40DE100A9B537 /* CGRPCZlib in Frameworks */ = {isa = PBXBuildFile; productRef = 4CDD56B827B40DE100A9B537 /* CGRPCZlib */; };
		4CDD56BB27B40DE100A9B537 /* GRPC in Frameworks */ = {isa = PBXBuildFile; productRef = 4CDD56BA27B40DE100A9B537 /* GRPC */; };
		4CDD56BD27B40FAC00A9B537 /* CertificateServerV2.swift in Sources */ = {isa = PBXBuildFile; fileRef = 4CDD56BC27B40FAC00A9B537 /* CertificateServerV2.swift */; };
		4CDD56BE27B40FAC00A9B537 /* CertificateServerV2.swift in Sources */ = {isa = PBXBuildFile; fileRef = 4CDD56BC27B40FAC00A9B537 /* CertificateServerV2.swift */; };
		4CDD56C127B4108F00A9B537 /* Auth.swift in Sources */ = {isa = PBXBuildFile; fileRef = 4CDD56C027B4108F00A9B537 /* Auth.swift */; };
		4CDD56C227B4108F00A9B537 /* Auth.swift in Sources */ = {isa = PBXBuildFile; fileRef = 4CDD56C027B4108F00A9B537 /* Auth.swift */; };
		4CDD56C427B412A900A9B537 /* WarpRegistrationProvider.swift in Sources */ = {isa = PBXBuildFile; fileRef = 4CDD56C327B412A900A9B537 /* WarpRegistrationProvider.swift */; };
		4CDD56C527B412A900A9B537 /* WarpRegistrationProvider.swift in Sources */ = {isa = PBXBuildFile; fileRef = 4CDD56C327B412A900A9B537 /* WarpRegistrationProvider.swift */; };
		4CDD56C727B6672D00A9B537 /* BonjourDiscovery.swift in Sources */ = {isa = PBXBuildFile; fileRef = 4CDD56C627B6672D00A9B537 /* BonjourDiscovery.swift */; };
		4CDD56C827B6672D00A9B537 /* BonjourDiscovery.swift in Sources */ = {isa = PBXBuildFile; fileRef = 4CDD56C627B6672D00A9B537 /* BonjourDiscovery.swift */; };
		4CDD56DE27B6808D00A9B537 /* BonjourResolver.swift in Sources */ = {isa = PBXBuildFile; fileRef = 4CDD56DD27B6808D00A9B537 /* BonjourResolver.swift */; };
		4CDD56DF27B6808D00A9B537 /* BonjourResolver.swift in Sources */ = {isa = PBXBuildFile; fileRef = 4CDD56DD27B6808D00A9B537 /* BonjourResolver.swift */; };
		4CDD56E627B79A3700A9B537 /* CertificateClientV2.swift in Sources */ = {isa = PBXBuildFile; fileRef = 4CDD56E527B79A3700A9B537 /* CertificateClientV2.swift */; };
		4CDD56E727B79A3700A9B537 /* CertificateClientV2.swift in Sources */ = {isa = PBXBuildFile; fileRef = 4CDD56E527B79A3700A9B537 /* CertificateClientV2.swift */; };
		4CDD56E927B79B5100A9B537 /* DiscoveryViewModel.swift in Sources */ = {isa = PBXBuildFile; fileRef = 4CDD56E827B79B5100A9B537 /* DiscoveryViewModel.swift */; };
		4CDD56EA27B79B5100A9B537 /* DiscoveryViewModel.swift in Sources */ = {isa = PBXBuildFile; fileRef = 4CDD56E827B79B5100A9B537 /* DiscoveryViewModel.swift */; };
		4CDD56EC27B79C2C00A9B537 /* WarpBackend.swift in Sources */ = {isa = PBXBuildFile; fileRef = 4CDD56EB27B79C2C00A9B537 /* WarpBackend.swift */; };
		4CDD56ED27B79C2C00A9B537 /* WarpBackend.swift in Sources */ = {isa = PBXBuildFile; fileRef = 4CDD56EB27B79C2C00A9B537 /* WarpBackend.swift */; };
		4CDD56EF27B7A5B100A9B537 /* RemoteRegistration.swift in Sources */ = {isa = PBXBuildFile; fileRef = 4CDD56EE27B7A5B100A9B537 /* RemoteRegistration.swift */; };
		4CDD56F027B7A5B100A9B537 /* RemoteRegistration.swift in Sources */ = {isa = PBXBuildFile; fileRef = 4CDD56EE27B7A5B100A9B537 /* RemoteRegistration.swift */; };
		4CDD56F427B7B85900A9B537 /* warp.pb.swift in Sources */ = {isa = PBXBuildFile; fileRef = 4CDD56F227B7B85900A9B537 /* warp.pb.swift */; };
		4CDD56F627B7B85D00A9B537 /* warp.pb.swift in Sources */ = {isa = PBXBuildFile; fileRef = 4CDD56F227B7B85900A9B537 /* warp.pb.swift */; };
		4CDD56FC27B90AC200A9B537 /* Sodium in Frameworks */ = {isa = PBXBuildFile; productRef = 4CDD56FB27B90AC200A9B537 /* Sodium */; };
		4CDD56FE27B90AD700A9B537 /* Sodium in Frameworks */ = {isa = PBXBuildFile; productRef = 4CDD56FD27B90AD700A9B537 /* Sodium */; };
		4CDD570027B93F2600A9B537 /* WarpClient.swift in Sources */ = {isa = PBXBuildFile; fileRef = 4CDD56FF27B93F2600A9B537 /* WarpClient.swift */; };
		4CDD570127B93F2600A9B537 /* WarpClient.swift in Sources */ = {isa = PBXBuildFile; fileRef = 4CDD56FF27B93F2600A9B537 /* WarpClient.swift */; };
		4CDD570327B93F9E00A9B537 /* Remote.swift in Sources */ = {isa = PBXBuildFile; fileRef = 4CDD570227B93F9E00A9B537 /* Remote.swift */; };
		4CDD570427B93F9E00A9B537 /* Remote.swift in Sources */ = {isa = PBXBuildFile; fileRef = 4CDD570227B93F9E00A9B537 /* Remote.swift */; };
		4CDD571327B9842600A9B537 /* AuthTests.swift in Sources */ = {isa = PBXBuildFile; fileRef = 4CDD571227B9842600A9B537 /* AuthTests.swift */; };
		4CF735DA29C741D80056FA45 /* Settings.swift in Sources */ = {isa = PBXBuildFile; fileRef = 4CF735D929C741D80056FA45 /* Settings.swift */; };
		4CF735DB29C741D80056FA45 /* Settings.swift in Sources */ = {isa = PBXBuildFile; fileRef = 4CF735D929C741D80056FA45 /* Settings.swift */; };
		4CF735DD29C768BC0056FA45 /* SettingsView.swift in Sources */ = {isa = PBXBuildFile; fileRef = 4CF735DC29C768BC0056FA45 /* SettingsView.swift */; };
		4CF735DE29C768BC0056FA45 /* SettingsView.swift in Sources */ = {isa = PBXBuildFile; fileRef = 4CF735DC29C768BC0056FA45 /* SettingsView.swift */; };
		4CF735E029C76F220056FA45 /* LabeledHStack.swift in Sources */ = {isa = PBXBuildFile; fileRef = 4CF735DF29C76F220056FA45 /* LabeledHStack.swift */; };
		4CF735E129C76F220056FA45 /* LabeledHStack.swift in Sources */ = {isa = PBXBuildFile; fileRef = 4CF735DF29C76F220056FA45 /* LabeledHStack.swift */; };
		4CF7544C283E3ACB00020D90 /* TransferOpMetrics.swift in Sources */ = {isa = PBXBuildFile; fileRef = 4CF7544B283E3ACB00020D90 /* TransferOpMetrics.swift */; };
		4CF7544D283E3ACB00020D90 /* TransferOpMetrics.swift in Sources */ = {isa = PBXBuildFile; fileRef = 4CF7544B283E3ACB00020D90 /* TransferOpMetrics.swift */; };
		4CFB76572833C88100B36438 /* RemoteLifeCycleStateMachine.swift in Sources */ = {isa = PBXBuildFile; fileRef = 4CFB76562833C88100B36438 /* RemoteLifeCycleStateMachine.swift */; };
		4CFB76582833C88100B36438 /* RemoteLifeCycleStateMachine.swift in Sources */ = {isa = PBXBuildFile; fileRef = 4CFB76562833C88100B36438 /* RemoteLifeCycleStateMachine.swift */; };
		4CFCBAED2816E7C200D154AB /* RemoteDetailView.swift in Sources */ = {isa = PBXBuildFile; fileRef = 4CFCBAEC2816E7C200D154AB /* RemoteDetailView.swift */; };
		4CFCBAEE2816EDA500D154AB /* RemoteDetailView.swift in Sources */ = {isa = PBXBuildFile; fileRef = 4CFCBAEC2816E7C200D154AB /* RemoteDetailView.swift */; };
/* End PBXBuildFile section */

/* Begin PBXContainerItemProxy section */
		4C1443BD27E7A7CE00F87557 /* PBXContainerItemProxy */ = {
			isa = PBXContainerItemProxy;
			containerPortal = 4C4A737E27B3D2D4004EDA61 /* Project object */;
			proxyType = 1;
			remoteGlobalIDString = 4C4A738927B3D2D5004EDA61;
			remoteInfo = "warpinator-project (iOS)";
		};
		4C3F86AD27E7AFE000555A83 /* PBXContainerItemProxy */ = {
			isa = PBXContainerItemProxy;
			containerPortal = 4C4A737E27B3D2D4004EDA61 /* Project object */;
			proxyType = 1;
			remoteGlobalIDString = 4C4A738927B3D2D5004EDA61;
			remoteInfo = "warpinator-project (iOS)";
		};
		4C4A739827B3D2D6004EDA61 /* PBXContainerItemProxy */ = {
			isa = PBXContainerItemProxy;
			containerPortal = 4C4A737E27B3D2D4004EDA61 /* Project object */;
			proxyType = 1;
			remoteGlobalIDString = 4C4A738927B3D2D5004EDA61;
			remoteInfo = "warpinator-project (iOS)";
		};
		4C4A73A427B3D2D6004EDA61 /* PBXContainerItemProxy */ = {
			isa = PBXContainerItemProxy;
			containerPortal = 4C4A737E27B3D2D4004EDA61 /* Project object */;
			proxyType = 1;
			remoteGlobalIDString = 4C4A738F27B3D2D5004EDA61;
			remoteInfo = "warpinator-project (macOS)";
		};
		4CDD570D27B982CA00A9B537 /* PBXContainerItemProxy */ = {
			isa = PBXContainerItemProxy;
			containerPortal = 4C4A737E27B3D2D4004EDA61 /* Project object */;
			proxyType = 1;
			remoteGlobalIDString = 4C4A738F27B3D2D5004EDA61;
			remoteInfo = "warpinator-project (macOS)";
		};
/* End PBXContainerItemProxy section */

/* Begin PBXFileReference section */
		4C1443B627E7A2E600F87557 /* NetworkConfig.swift */ = {isa = PBXFileReference; lastKnownFileType = sourcecode.swift; path = NetworkConfig.swift; sourceTree = "<group>"; };
		4C39E80727E8C89F000F0ACD /* TransferOp.swift */ = {isa = PBXFileReference; lastKnownFileType = sourcecode.swift; path = TransferOp.swift; sourceTree = "<group>"; };
		4C3F86A927E7AFE000555A83 /* Tests Shared (iOS).xctest */ = {isa = PBXFileReference; explicitFileType = wrapper.cfbundle; includeInIndex = 0; path = "Tests Shared (iOS).xctest"; sourceTree = BUILT_PRODUCTS_DIR; };
		4C3F86B627E7B87700555A83 /* NetworkUtils.swift */ = {isa = PBXFileReference; lastKnownFileType = sourcecode.swift; path = NetworkUtils.swift; sourceTree = "<group>"; };
		4C3F86B927E7B93200555A83 /* Utils.swift */ = {isa = PBXFileReference; lastKnownFileType = sourcecode.swift; path = Utils.swift; sourceTree = "<group>"; };
		4C418C342801C98700E01D60 /* FileProvider.swift */ = {isa = PBXFileReference; lastKnownFileType = sourcecode.swift; path = FileProvider.swift; sourceTree = "<group>"; };
		4C4A738327B3D2D4004EDA61 /* warpinator_projectApp.swift */ = {isa = PBXFileReference; lastKnownFileType = sourcecode.swift; path = warpinator_projectApp.swift; sourceTree = "<group>"; };
		4C4A738427B3D2D4004EDA61 /* ContentView.swift */ = {isa = PBXFileReference; lastKnownFileType = sourcecode.swift; path = ContentView.swift; sourceTree = "<group>"; };
		4C4A738527B3D2D5004EDA61 /* Assets.xcassets */ = {isa = PBXFileReference; lastKnownFileType = folder.assetcatalog; path = Assets.xcassets; sourceTree = "<group>"; };
		4C4A738A27B3D2D5004EDA61 /* warpinator-project.app */ = {isa = PBXFileReference; explicitFileType = wrapper.application; includeInIndex = 0; path = "warpinator-project.app"; sourceTree = BUILT_PRODUCTS_DIR; };
		4C4A739027B3D2D5004EDA61 /* warpinator-project.app */ = {isa = PBXFileReference; explicitFileType = wrapper.application; includeInIndex = 0; path = "warpinator-project.app"; sourceTree = BUILT_PRODUCTS_DIR; };
		4C4A739227B3D2D5004EDA61 /* macOS.entitlements */ = {isa = PBXFileReference; lastKnownFileType = text.plist.entitlements; path = macOS.entitlements; sourceTree = "<group>"; };
		4C4A739727B3D2D6004EDA61 /* Tests iOS.xctest */ = {isa = PBXFileReference; explicitFileType = wrapper.cfbundle; includeInIndex = 0; path = "Tests iOS.xctest"; sourceTree = BUILT_PRODUCTS_DIR; };
		4C4A739D27B3D2D6004EDA61 /* Tests_iOSLaunchTests.swift */ = {isa = PBXFileReference; lastKnownFileType = sourcecode.swift; path = Tests_iOSLaunchTests.swift; sourceTree = "<group>"; };
		4C4A73A327B3D2D6004EDA61 /* Tests macOS.xctest */ = {isa = PBXFileReference; explicitFileType = wrapper.cfbundle; includeInIndex = 0; path = "Tests macOS.xctest"; sourceTree = BUILT_PRODUCTS_DIR; };
		4C4A73A927B3D2D6004EDA61 /* Tests_macOSLaunchTests.swift */ = {isa = PBXFileReference; lastKnownFileType = sourcecode.swift; path = Tests_macOSLaunchTests.swift; sourceTree = "<group>"; };
		4C4A73CC27B3FB89004EDA61 /* warp.grpc.swift */ = {isa = PBXFileReference; fileEncoding = 4; lastKnownFileType = sourcecode.swift; path = warp.grpc.swift; sourceTree = "<group>"; };
		4C4A73CE27B3FB8A004EDA61 /* warp.proto */ = {isa = PBXFileReference; fileEncoding = 4; lastKnownFileType = sourcecode.protobuf; path = warp.proto; sourceTree = "<group>"; };
		4C4E20A027E5FD25001695FC /* WarpServer.swift */ = {isa = PBXFileReference; lastKnownFileType = sourcecode.swift; path = WarpServer.swift; sourceTree = "<group>"; };
		4C5039EA28461C6600D20F04 /* TransferDownloader.swift */ = {isa = PBXFileReference; lastKnownFileType = sourcecode.swift; path = TransferDownloader.swift; sourceTree = "<group>"; };
		4C5C7EF12846764E0063BE6F /* TransferDownloaderTests.swift */ = {isa = PBXFileReference; lastKnownFileType = sourcecode.swift; path = TransferDownloaderTests.swift; sourceTree = "<group>"; };
		4C7E832927EB2ED400E393B5 /* DocumentPicker.swift */ = {isa = PBXFileReference; lastKnownFileType = sourcecode.swift; path = DocumentPicker.swift; sourceTree = "<group>"; };
		4CA343762802D32F00702DD6 /* Backpressure.swift */ = {isa = PBXFileReference; lastKnownFileType = sourcecode.swift; path = Backpressure.swift; sourceTree = "<group>"; };
		4CA9E5AE280D80890044CE1F /* WarpIntegrationTests.swift */ = {isa = PBXFileReference; lastKnownFileType = sourcecode.swift; name = WarpIntegrationTests.swift; path = "warpinator-projectTests/WarpIntegrationTests.swift"; sourceTree = SOURCE_ROOT; };
		4CA9E5B4280D89DD0044CE1F /* WarpServerProvider.swift */ = {isa = PBXFileReference; lastKnownFileType = sourcecode.swift; path = WarpServerProvider.swift; sourceTree = "<group>"; };
		4CA9E5B7280F02220044CE1F /* WarpServerInterceptors.swift */ = {isa = PBXFileReference; lastKnownFileType = sourcecode.swift; path = WarpServerInterceptors.swift; sourceTree = "<group>"; };
		4CA9E5BB280F11040044CE1F /* Discovery.swift */ = {isa = PBXFileReference; lastKnownFileType = sourcecode.swift; path = Discovery.swift; sourceTree = "<group>"; };
		4CA9E5BD280F11390044CE1F /* Peer.swift */ = {isa = PBXFileReference; lastKnownFileType = sourcecode.swift; path = Peer.swift; sourceTree = "<group>"; };
		4CA9E5C2281444310044CE1F /* TestPlan.xctestplan */ = {isa = PBXFileReference; lastKnownFileType = text; path = TestPlan.xctestplan; sourceTree = "<group>"; };
		4CA9E5C4281447A90044CE1F /* TestDiscovery.swift */ = {isa = PBXFileReference; lastKnownFileType = sourcecode.swift; path = TestDiscovery.swift; sourceTree = "<group>"; };
		4CA9E5C6281448060044CE1F /* TestWarpInstance.swift */ = {isa = PBXFileReference; lastKnownFileType = sourcecode.swift; path = TestWarpInstance.swift; sourceTree = "<group>"; };
		4CA9E5C8281449460044CE1F /* helpers.swift */ = {isa = PBXFileReference; lastKnownFileType = sourcecode.swift; path = helpers.swift; sourceTree = "<group>"; };
		4CAE6C5D29C9C4CF0058E1CD /* README.md */ = {isa = PBXFileReference; lastKnownFileType = net.daringfireball.markdown; path = README.md; sourceTree = "<group>"; };
		4CD3F06E283CC23200DFE396 /* ObservableValue.swift */ = {isa = PBXFileReference; lastKnownFileType = sourcecode.swift; path = ObservableValue.swift; sourceTree = "<group>"; };
		4CD3F071283CEA6A00DFE396 /* TransferOpView.swift */ = {isa = PBXFileReference; lastKnownFileType = sourcecode.swift; path = TransferOpView.swift; sourceTree = "<group>"; };
		4CDD56BC27B40FAC00A9B537 /* CertificateServerV2.swift */ = {isa = PBXFileReference; lastKnownFileType = sourcecode.swift; path = CertificateServerV2.swift; sourceTree = "<group>"; };
		4CDD56C027B4108F00A9B537 /* Auth.swift */ = {isa = PBXFileReference; lastKnownFileType = sourcecode.swift; path = Auth.swift; sourceTree = "<group>"; };
		4CDD56C327B412A900A9B537 /* WarpRegistrationProvider.swift */ = {isa = PBXFileReference; lastKnownFileType = sourcecode.swift; path = WarpRegistrationProvider.swift; sourceTree = "<group>"; };
		4CDD56C627B6672D00A9B537 /* BonjourDiscovery.swift */ = {isa = PBXFileReference; lastKnownFileType = sourcecode.swift; path = BonjourDiscovery.swift; sourceTree = "<group>"; };
		4CDD56C927B6774000A9B537 /* warpinator-project--iOS--Info.plist */ = {isa = PBXFileReference; lastKnownFileType = text.plist; path = "warpinator-project--iOS--Info.plist"; sourceTree = "<group>"; };
		4CDD56DD27B6808D00A9B537 /* BonjourResolver.swift */ = {isa = PBXFileReference; lastKnownFileType = sourcecode.swift; path = BonjourResolver.swift; sourceTree = "<group>"; };
		4CDD56E527B79A3700A9B537 /* CertificateClientV2.swift */ = {isa = PBXFileReference; lastKnownFileType = sourcecode.swift; path = CertificateClientV2.swift; sourceTree = "<group>"; };
		4CDD56E827B79B5100A9B537 /* DiscoveryViewModel.swift */ = {isa = PBXFileReference; lastKnownFileType = sourcecode.swift; path = DiscoveryViewModel.swift; sourceTree = "<group>"; };
		4CDD56EB27B79C2C00A9B537 /* WarpBackend.swift */ = {isa = PBXFileReference; lastKnownFileType = sourcecode.swift; path = WarpBackend.swift; sourceTree = "<group>"; };
		4CDD56EE27B7A5B100A9B537 /* RemoteRegistration.swift */ = {isa = PBXFileReference; lastKnownFileType = sourcecode.swift; path = RemoteRegistration.swift; sourceTree = "<group>"; };
		4CDD56F227B7B85900A9B537 /* warp.pb.swift */ = {isa = PBXFileReference; fileEncoding = 4; lastKnownFileType = sourcecode.swift; path = warp.pb.swift; sourceTree = "<group>"; };
		4CDD56F927B8519300A9B537 /* .gitignore */ = {isa = PBXFileReference; lastKnownFileType = text; path = .gitignore; sourceTree = "<group>"; };
		4CDD56FF27B93F2600A9B537 /* WarpClient.swift */ = {isa = PBXFileReference; lastKnownFileType = sourcecode.swift; path = WarpClient.swift; sourceTree = "<group>"; };
		4CDD570227B93F9E00A9B537 /* Remote.swift */ = {isa = PBXFileReference; lastKnownFileType = sourcecode.swift; path = Remote.swift; sourceTree = "<group>"; };
		4CDD570927B982CA00A9B537 /* warpinator-projectTests.xctest */ = {isa = PBXFileReference; explicitFileType = wrapper.cfbundle; includeInIndex = 0; path = "warpinator-projectTests.xctest"; sourceTree = BUILT_PRODUCTS_DIR; };
		4CDD571227B9842600A9B537 /* AuthTests.swift */ = {isa = PBXFileReference; lastKnownFileType = sourcecode.swift; path = AuthTests.swift; sourceTree = "<group>"; };
		4CF735D929C741D80056FA45 /* Settings.swift */ = {isa = PBXFileReference; lastKnownFileType = sourcecode.swift; path = Settings.swift; sourceTree = "<group>"; };
		4CF735DC29C768BC0056FA45 /* SettingsView.swift */ = {isa = PBXFileReference; lastKnownFileType = sourcecode.swift; path = SettingsView.swift; sourceTree = "<group>"; };
		4CF735DF29C76F220056FA45 /* LabeledHStack.swift */ = {isa = PBXFileReference; lastKnownFileType = sourcecode.swift; path = LabeledHStack.swift; sourceTree = "<group>"; };
		4CF7544B283E3ACB00020D90 /* TransferOpMetrics.swift */ = {isa = PBXFileReference; lastKnownFileType = sourcecode.swift; path = TransferOpMetrics.swift; sourceTree = "<group>"; };
		4CFB76562833C88100B36438 /* RemoteLifeCycleStateMachine.swift */ = {isa = PBXFileReference; lastKnownFileType = sourcecode.swift; path = RemoteLifeCycleStateMachine.swift; sourceTree = "<group>"; };
		4CFCBAEC2816E7C200D154AB /* RemoteDetailView.swift */ = {isa = PBXFileReference; lastKnownFileType = sourcecode.swift; path = RemoteDetailView.swift; sourceTree = "<group>"; };
/* End PBXFileReference section */

/* Begin PBXFrameworksBuildPhase section */
		4C3F86A627E7AFE000555A83 /* Frameworks */ = {
			isa = PBXFrameworksBuildPhase;
			buildActionMask = 2147483647;
			files = (
			);
			runOnlyForDeploymentPostprocessing = 0;
		};
		4C4A738727B3D2D5004EDA61 /* Frameworks */ = {
			isa = PBXFrameworksBuildPhase;
			buildActionMask = 2147483647;
			files = (
				4CDD56BB27B40DE100A9B537 /* GRPC in Frameworks */,
				4CDD56B927B40DE100A9B537 /* CGRPCZlib in Frameworks */,
				4CDD56FC27B90AC200A9B537 /* Sodium in Frameworks */,
				4C1443B527E7290000F87557 /* Shield in Frameworks */,
			);
			runOnlyForDeploymentPostprocessing = 0;
		};
		4C4A738D27B3D2D5004EDA61 /* Frameworks */ = {
			isa = PBXFrameworksBuildPhase;
			buildActionMask = 2147483647;
			files = (
				4C1443B327E728F400F87557 /* Shield in Frameworks */,
				4C4A73C727B3E2E2004EDA61 /* CGRPCZlib in Frameworks */,
				4C4A73CB27B3E2E2004EDA61 /* protoc-gen-grpc-swift in Frameworks */,
				4C4A73C927B3E2E2004EDA61 /* GRPC in Frameworks */,
				4CDD56FE27B90AD700A9B537 /* Sodium in Frameworks */,
			);
			runOnlyForDeploymentPostprocessing = 0;
		};
		4C4A739427B3D2D6004EDA61 /* Frameworks */ = {
			isa = PBXFrameworksBuildPhase;
			buildActionMask = 2147483647;
			files = (
			);
			runOnlyForDeploymentPostprocessing = 0;
		};
		4C4A73A027B3D2D6004EDA61 /* Frameworks */ = {
			isa = PBXFrameworksBuildPhase;
			buildActionMask = 2147483647;
			files = (
			);
			runOnlyForDeploymentPostprocessing = 0;
		};
		4CDD570627B982CA00A9B537 /* Frameworks */ = {
			isa = PBXFrameworksBuildPhase;
			buildActionMask = 2147483647;
			files = (
			);
			runOnlyForDeploymentPostprocessing = 0;
		};
/* End PBXFrameworksBuildPhase section */

/* Begin PBXGroup section */
		4C39E80D27E8E7A6000F0ACD /* iOS */ = {
			isa = PBXGroup;
			children = (
			);
			path = iOS;
			sourceTree = "<group>";
		};
		4C3F86AA27E7AFE000555A83 /* Tests Shared (iOS) */ = {
			isa = PBXGroup;
			children = (
			);
			path = "Tests Shared (iOS)";
			sourceTree = "<group>";
		};
		4C4A737D27B3D2D4004EDA61 = {
			isa = PBXGroup;
			children = (
				4CAE6C5D29C9C4CF0058E1CD /* README.md */,
				4CDD56F927B8519300A9B537 /* .gitignore */,
				4CDD56C927B6774000A9B537 /* warpinator-project--iOS--Info.plist */,
				4C4A738227B3D2D4004EDA61 /* Shared */,
				4C4A739127B3D2D5004EDA61 /* macOS */,
				4C39E80D27E8E7A6000F0ACD /* iOS */,
				4C4A739A27B3D2D6004EDA61 /* Tests iOS */,
				4C4A73A627B3D2D6004EDA61 /* Tests macOS */,
				4CDD570A27B982CA00A9B537 /* warpinator-projectTests */,
				4C3F86AA27E7AFE000555A83 /* Tests Shared (iOS) */,
				4C4A738B27B3D2D5004EDA61 /* Products */,
				4C4A73C027B3DDFA004EDA61 /* Frameworks */,
			);
			sourceTree = "<group>";
		};
		4C4A738227B3D2D4004EDA61 /* Shared */ = {
			isa = PBXGroup;
			children = (
				4C4A738327B3D2D4004EDA61 /* warpinator_projectApp.swift */,
				4CDD56F827B83C3400A9B537 /* lib */,
				4CDD56E427B798D800A9B537 /* ViewModels */,
				4CDD56E327B7985C00A9B537 /* Views */,
				4C418C342801C98700E01D60 /* FileProvider.swift */,
				4CDD56BF27B4105800A9B537 /* Backend */,
				4C4A73CC27B3FB89004EDA61 /* warp.grpc.swift */,
				4CDD56F227B7B85900A9B537 /* warp.pb.swift */,
				4C4A73CE27B3FB8A004EDA61 /* warp.proto */,
				4C4A738527B3D2D5004EDA61 /* Assets.xcassets */,
				4C5039EA28461C6600D20F04 /* TransferDownloader.swift */,
				4CF735D929C741D80056FA45 /* Settings.swift */,
				4CF735DC29C768BC0056FA45 /* SettingsView.swift */,
			);
			path = Shared;
			sourceTree = "<group>";
		};
		4C4A738B27B3D2D5004EDA61 /* Products */ = {
			isa = PBXGroup;
			children = (
				4C4A738A27B3D2D5004EDA61 /* warpinator-project.app */,
				4C4A739027B3D2D5004EDA61 /* warpinator-project.app */,
				4C4A739727B3D2D6004EDA61 /* Tests iOS.xctest */,
				4C4A73A327B3D2D6004EDA61 /* Tests macOS.xctest */,
				4CDD570927B982CA00A9B537 /* warpinator-projectTests.xctest */,
				4C3F86A927E7AFE000555A83 /* Tests Shared (iOS).xctest */,
			);
			name = Products;
			sourceTree = "<group>";
		};
		4C4A739127B3D2D5004EDA61 /* macOS */ = {
			isa = PBXGroup;
			children = (
				4C4A739227B3D2D5004EDA61 /* macOS.entitlements */,
			);
			path = macOS;
			sourceTree = "<group>";
		};
		4C4A739A27B3D2D6004EDA61 /* Tests iOS */ = {
			isa = PBXGroup;
			children = (
				4C4A739D27B3D2D6004EDA61 /* Tests_iOSLaunchTests.swift */,
			);
			path = "Tests iOS";
			sourceTree = "<group>";
		};
		4C4A73A627B3D2D6004EDA61 /* Tests macOS */ = {
			isa = PBXGroup;
			children = (
				4C4A73A927B3D2D6004EDA61 /* Tests_macOSLaunchTests.swift */,
			);
			path = "Tests macOS";
			sourceTree = "<group>";
		};
		4C4A73C027B3DDFA004EDA61 /* Frameworks */ = {
			isa = PBXGroup;
			children = (
			);
			name = Frameworks;
			sourceTree = "<group>";
		};
		4CA9E5BA280F10F40044CE1F /* model */ = {
			isa = PBXGroup;
			children = (
				4CA9E5BB280F11040044CE1F /* Discovery.swift */,
				4CA9E5BD280F11390044CE1F /* Peer.swift */,
			);
			path = model;
			sourceTree = "<group>";
		};
		4CA9E5C3281447570044CE1F /* WarpHelpers */ = {
			isa = PBXGroup;
			children = (
				4CA9E5C4281447A90044CE1F /* TestDiscovery.swift */,
				4CA9E5C6281448060044CE1F /* TestWarpInstance.swift */,
			);
			path = WarpHelpers;
			sourceTree = "<group>";
		};
		4CDD56BF27B4105800A9B537 /* Backend */ = {
			isa = PBXGroup;
			children = (
				4CDD56EB27B79C2C00A9B537 /* WarpBackend.swift */,
				4CA9E5BA280F10F40044CE1F /* model */,
				4CDD56C027B4108F00A9B537 /* Auth.swift */,
				4CDD56C627B6672D00A9B537 /* BonjourDiscovery.swift */,
				4CDD56EE27B7A5B100A9B537 /* RemoteRegistration.swift */,
				4CDD570227B93F9E00A9B537 /* Remote.swift */,
				4CFB76562833C88100B36438 /* RemoteLifeCycleStateMachine.swift */,
				4C39E80727E8C89F000F0ACD /* TransferOp.swift */,
				4CDD56BC27B40FAC00A9B537 /* CertificateServerV2.swift */,
				4CDD56C327B412A900A9B537 /* WarpRegistrationProvider.swift */,
				4CDD56E527B79A3700A9B537 /* CertificateClientV2.swift */,
				4CDD56FF27B93F2600A9B537 /* WarpClient.swift */,
				4C4E20A027E5FD25001695FC /* WarpServer.swift */,
				4CA9E5B4280D89DD0044CE1F /* WarpServerProvider.swift */,
				4C1443B627E7A2E600F87557 /* NetworkConfig.swift */,
				4CA9E5B7280F02220044CE1F /* WarpServerInterceptors.swift */,
				4CF7544B283E3ACB00020D90 /* TransferOpMetrics.swift */,
			);
			path = Backend;
			sourceTree = "<group>";
		};
		4CDD56E327B7985C00A9B537 /* Views */ = {
			isa = PBXGroup;
			children = (
				4C4A738427B3D2D4004EDA61 /* ContentView.swift */,
				4C7E832927EB2ED400E393B5 /* DocumentPicker.swift */,
				4CFCBAEC2816E7C200D154AB /* RemoteDetailView.swift */,
				4CD3F071283CEA6A00DFE396 /* TransferOpView.swift */,
			);
			path = Views;
			sourceTree = "<group>";
		};
		4CDD56E427B798D800A9B537 /* ViewModels */ = {
			isa = PBXGroup;
			children = (
				4CDD56E827B79B5100A9B537 /* DiscoveryViewModel.swift */,
			);
			path = ViewModels;
			sourceTree = "<group>";
		};
		4CDD56F827B83C3400A9B537 /* lib */ = {
			isa = PBXGroup;
			children = (
				4CDD56DD27B6808D00A9B537 /* BonjourResolver.swift */,
				4C3F86B627E7B87700555A83 /* NetworkUtils.swift */,
				4C3F86B927E7B93200555A83 /* Utils.swift */,
				4CA343762802D32F00702DD6 /* Backpressure.swift */,
				4CD3F06E283CC23200DFE396 /* ObservableValue.swift */,
				4CF735DF29C76F220056FA45 /* LabeledHStack.swift */,
			);
			path = lib;
			sourceTree = "<group>";
		};
		4CDD570A27B982CA00A9B537 /* warpinator-projectTests */ = {
			isa = PBXGroup;
			children = (
				4CA9E5C3281447570044CE1F /* WarpHelpers */,
				4CA9E5C2281444310044CE1F /* TestPlan.xctestplan */,
				4CA9E5AE280D80890044CE1F /* WarpIntegrationTests.swift */,
				4CDD571227B9842600A9B537 /* AuthTests.swift */,
				4CA9E5C8281449460044CE1F /* helpers.swift */,
				4C5C7EF12846764E0063BE6F /* TransferDownloaderTests.swift */,
			);
			path = "warpinator-projectTests";
			sourceTree = "<group>";
		};
/* End PBXGroup section */

/* Begin PBXNativeTarget section */
		4C3F86A827E7AFE000555A83 /* Tests Shared (iOS) */ = {
			isa = PBXNativeTarget;
			buildConfigurationList = 4C3F86AF27E7AFE000555A83 /* Build configuration list for PBXNativeTarget "Tests Shared (iOS)" */;
			buildPhases = (
				4C3F86A527E7AFE000555A83 /* Sources */,
				4C3F86A627E7AFE000555A83 /* Frameworks */,
				4C3F86A727E7AFE000555A83 /* Resources */,
			);
			buildRules = (
			);
			dependencies = (
				4C3F86AE27E7AFE000555A83 /* PBXTargetDependency */,
			);
			name = "Tests Shared (iOS)";
			productName = "Tests Shared (iOS)";
			productReference = 4C3F86A927E7AFE000555A83 /* Tests Shared (iOS).xctest */;
			productType = "com.apple.product-type.bundle.unit-test";
		};
		4C4A738927B3D2D5004EDA61 /* warpinator-project (iOS) */ = {
			isa = PBXNativeTarget;
			buildConfigurationList = 4C4A73B327B3D2D6004EDA61 /* Build configuration list for PBXNativeTarget "warpinator-project (iOS)" */;
			buildPhases = (
				4C4A738627B3D2D5004EDA61 /* Sources */,
				4C4A738727B3D2D5004EDA61 /* Frameworks */,
				4C4A738827B3D2D5004EDA61 /* Resources */,
			);
			buildRules = (
			);
			dependencies = (
			);
			name = "warpinator-project (iOS)";
			packageProductDependencies = (
				4CDD56B827B40DE100A9B537 /* CGRPCZlib */,
				4CDD56BA27B40DE100A9B537 /* GRPC */,
				4CDD56FB27B90AC200A9B537 /* Sodium */,
				4C1443B427E7290000F87557 /* Shield */,
			);
			productName = "warpinator-project (iOS)";
			productReference = 4C4A738A27B3D2D5004EDA61 /* warpinator-project.app */;
			productType = "com.apple.product-type.application";
		};
		4C4A738F27B3D2D5004EDA61 /* warpinator-project (macOS) */ = {
			isa = PBXNativeTarget;
			buildConfigurationList = 4C4A73B627B3D2D6004EDA61 /* Build configuration list for PBXNativeTarget "warpinator-project (macOS)" */;
			buildPhases = (
				4C4A738C27B3D2D5004EDA61 /* Sources */,
				4C4A738D27B3D2D5004EDA61 /* Frameworks */,
				4C4A738E27B3D2D5004EDA61 /* Resources */,
			);
			buildRules = (
			);
			dependencies = (
			);
			name = "warpinator-project (macOS)";
			packageProductDependencies = (
				4C4A73C627B3E2E2004EDA61 /* CGRPCZlib */,
				4C4A73C827B3E2E2004EDA61 /* GRPC */,
				4C4A73CA27B3E2E2004EDA61 /* protoc-gen-grpc-swift */,
				4CDD56FD27B90AD700A9B537 /* Sodium */,
				4C1443B227E728F400F87557 /* Shield */,
			);
			productName = "warpinator-project (macOS)";
			productReference = 4C4A739027B3D2D5004EDA61 /* warpinator-project.app */;
			productType = "com.apple.product-type.application";
		};
		4C4A739627B3D2D6004EDA61 /* Tests iOS */ = {
			isa = PBXNativeTarget;
			buildConfigurationList = 4C4A73B927B3D2D6004EDA61 /* Build configuration list for PBXNativeTarget "Tests iOS" */;
			buildPhases = (
				4C4A739327B3D2D6004EDA61 /* Sources */,
				4C4A739427B3D2D6004EDA61 /* Frameworks */,
				4C4A739527B3D2D6004EDA61 /* Resources */,
			);
			buildRules = (
			);
			dependencies = (
				4C4A739927B3D2D6004EDA61 /* PBXTargetDependency */,
			);
			name = "Tests iOS";
			productName = "Tests iOS";
			productReference = 4C4A739727B3D2D6004EDA61 /* Tests iOS.xctest */;
			productType = "com.apple.product-type.bundle.ui-testing";
		};
		4C4A73A227B3D2D6004EDA61 /* Tests macOS */ = {
			isa = PBXNativeTarget;
			buildConfigurationList = 4C4A73BC27B3D2D6004EDA61 /* Build configuration list for PBXNativeTarget "Tests macOS" */;
			buildPhases = (
				4C4A739F27B3D2D6004EDA61 /* Sources */,
				4C4A73A027B3D2D6004EDA61 /* Frameworks */,
				4C4A73A127B3D2D6004EDA61 /* Resources */,
			);
			buildRules = (
			);
			dependencies = (
				4C4A73A527B3D2D6004EDA61 /* PBXTargetDependency */,
			);
			name = "Tests macOS";
			productName = "Tests macOS";
			productReference = 4C4A73A327B3D2D6004EDA61 /* Tests macOS.xctest */;
			productType = "com.apple.product-type.bundle.ui-testing";
		};
		4CDD570827B982CA00A9B537 /* warpinator-projectTests */ = {
			isa = PBXNativeTarget;
			buildConfigurationList = 4CDD570F27B982CA00A9B537 /* Build configuration list for PBXNativeTarget "warpinator-projectTests" */;
			buildPhases = (
				4CDD570527B982CA00A9B537 /* Sources */,
				4CDD570627B982CA00A9B537 /* Frameworks */,
				4CDD570727B982CA00A9B537 /* Resources */,
			);
			buildRules = (
			);
			dependencies = (
				4CDD570E27B982CA00A9B537 /* PBXTargetDependency */,
				4C1443BE27E7A7CE00F87557 /* PBXTargetDependency */,
			);
			name = "warpinator-projectTests";
			productName = "warpinator-projectTests";
			productReference = 4CDD570927B982CA00A9B537 /* warpinator-projectTests.xctest */;
			productType = "com.apple.product-type.bundle.unit-test";
		};
/* End PBXNativeTarget section */

/* Begin PBXProject section */
		4C4A737E27B3D2D4004EDA61 /* Project object */ = {
			isa = PBXProject;
			attributes = {
				BuildIndependentTargetsInParallel = 1;
				LastSwiftUpdateCheck = 1320;
				LastUpgradeCheck = 1320;
				TargetAttributes = {
					4C3F86A827E7AFE000555A83 = {
						CreatedOnToolsVersion = 13.2.1;
						TestTargetID = 4C4A738927B3D2D5004EDA61;
					};
					4C4A738927B3D2D5004EDA61 = {
						CreatedOnToolsVersion = 13.2.1;
					};
					4C4A738F27B3D2D5004EDA61 = {
						CreatedOnToolsVersion = 13.2.1;
					};
					4C4A739627B3D2D6004EDA61 = {
						CreatedOnToolsVersion = 13.2.1;
						TestTargetID = 4C4A738927B3D2D5004EDA61;
					};
					4C4A73A227B3D2D6004EDA61 = {
						CreatedOnToolsVersion = 13.2.1;
						TestTargetID = 4C4A738F27B3D2D5004EDA61;
					};
					4CDD570827B982CA00A9B537 = {
						CreatedOnToolsVersion = 13.2.1;
						TestTargetID = 4C4A738F27B3D2D5004EDA61;
					};
				};
			};
			buildConfigurationList = 4C4A738127B3D2D4004EDA61 /* Build configuration list for PBXProject "warpinator-project" */;
			compatibilityVersion = "Xcode 13.0";
			developmentRegion = en;
			hasScannedForEncodings = 0;
			knownRegions = (
				en,
				Base,
			);
			mainGroup = 4C4A737D27B3D2D4004EDA61;
			packageReferences = (
				4C4A73C527B3E2E2004EDA61 /* XCRemoteSwiftPackageReference "grpc-swift" */,
				4CDD56FA27B90AC100A9B537 /* XCRemoteSwiftPackageReference "swift-sodium" */,
				4C1443B127E728F400F87557 /* XCRemoteSwiftPackageReference "Shield" */,
			);
			productRefGroup = 4C4A738B27B3D2D5004EDA61 /* Products */;
			projectDirPath = "";
			projectRoot = "";
			targets = (
				4C4A738927B3D2D5004EDA61 /* warpinator-project (iOS) */,
				4C4A738F27B3D2D5004EDA61 /* warpinator-project (macOS) */,
				4C4A739627B3D2D6004EDA61 /* Tests iOS */,
				4C4A73A227B3D2D6004EDA61 /* Tests macOS */,
				4CDD570827B982CA00A9B537 /* warpinator-projectTests */,
				4C3F86A827E7AFE000555A83 /* Tests Shared (iOS) */,
			);
		};
/* End PBXProject section */

/* Begin PBXResourcesBuildPhase section */
		4C3F86A727E7AFE000555A83 /* Resources */ = {
			isa = PBXResourcesBuildPhase;
			buildActionMask = 2147483647;
			files = (
			);
			runOnlyForDeploymentPostprocessing = 0;
		};
		4C4A738827B3D2D5004EDA61 /* Resources */ = {
			isa = PBXResourcesBuildPhase;
			buildActionMask = 2147483647;
			files = (
				4C4A73AF27B3D2D6004EDA61 /* Assets.xcassets in Resources */,
			);
			runOnlyForDeploymentPostprocessing = 0;
		};
		4C4A738E27B3D2D5004EDA61 /* Resources */ = {
			isa = PBXResourcesBuildPhase;
			buildActionMask = 2147483647;
			files = (
				4C4A73B027B3D2D6004EDA61 /* Assets.xcassets in Resources */,
			);
			runOnlyForDeploymentPostprocessing = 0;
		};
		4C4A739527B3D2D6004EDA61 /* Resources */ = {
			isa = PBXResourcesBuildPhase;
			buildActionMask = 2147483647;
			files = (
			);
			runOnlyForDeploymentPostprocessing = 0;
		};
		4C4A73A127B3D2D6004EDA61 /* Resources */ = {
			isa = PBXResourcesBuildPhase;
			buildActionMask = 2147483647;
			files = (
			);
			runOnlyForDeploymentPostprocessing = 0;
		};
		4CDD570727B982CA00A9B537 /* Resources */ = {
			isa = PBXResourcesBuildPhase;
			buildActionMask = 2147483647;
			files = (
			);
			runOnlyForDeploymentPostprocessing = 0;
		};
/* End PBXResourcesBuildPhase section */

/* Begin PBXSourcesBuildPhase section */
		4C3F86A527E7AFE000555A83 /* Sources */ = {
			isa = PBXSourcesBuildPhase;
			buildActionMask = 2147483647;
			files = (
				4C3F86B527E7B0D900555A83 /* AuthTests.swift in Sources */,
				4C5C7EF32846764E0063BE6F /* TransferDownloaderTests.swift in Sources */,
				4CA9E5B0280D808F0044CE1F /* WarpIntegrationTests.swift in Sources */,
				4CA9E5CA281468C30044CE1F /* TestDiscovery.swift in Sources */,
				4CA9E5CB281468C50044CE1F /* TestWarpInstance.swift in Sources */,
				4CA9E5CC281468CC0044CE1F /* helpers.swift in Sources */,
			);
			runOnlyForDeploymentPostprocessing = 0;
		};
		4C4A738627B3D2D5004EDA61 /* Sources */ = {
			isa = PBXSourcesBuildPhase;
			buildActionMask = 2147483647;
			files = (
				4CDD56EC27B79C2C00A9B537 /* WarpBackend.swift in Sources */,
				4CDD56C727B6672D00A9B537 /* BonjourDiscovery.swift in Sources */,
				4CF735E029C76F220056FA45 /* LabeledHStack.swift in Sources */,
				4CDD56EF27B7A5B100A9B537 /* RemoteRegistration.swift in Sources */,
				4C5039EB28461C6600D20F04 /* TransferDownloader.swift in Sources */,
				4CF735DA29C741D80056FA45 /* Settings.swift in Sources */,
				4CDD570327B93F9E00A9B537 /* Remote.swift in Sources */,
				4C7E832A27EB2ED400E393B5 /* DocumentPicker.swift in Sources */,
				4CA9E5B8280F02220044CE1F /* WarpServerInterceptors.swift in Sources */,
				4CDD56BD27B40FAC00A9B537 /* CertificateServerV2.swift in Sources */,
				4CDD56F627B7B85D00A9B537 /* warp.pb.swift in Sources */,
				4CDD570027B93F2600A9B537 /* WarpClient.swift in Sources */,
				4CF7544C283E3ACB00020D90 /* TransferOpMetrics.swift in Sources */,
				4CA9E5BC280F11040044CE1F /* Discovery.swift in Sources */,
				4CD3F06F283CC23200DFE396 /* ObservableValue.swift in Sources */,
				4C418C352801C98700E01D60 /* FileProvider.swift in Sources */,
				4CDD56C427B412A900A9B537 /* WarpRegistrationProvider.swift in Sources */,
				4C39E80827E8C89F000F0ACD /* TransferOp.swift in Sources */,
				4CD3F072283CEA6A00DFE396 /* TransferOpView.swift in Sources */,
				4CA9E5BE280F11390044CE1F /* Peer.swift in Sources */,
				4CA343772802D32F00702DD6 /* Backpressure.swift in Sources */,
				4C1443B727E7A2E600F87557 /* NetworkConfig.swift in Sources */,
				4CF735DD29C768BC0056FA45 /* SettingsView.swift in Sources */,
				4CFB76572833C88100B36438 /* RemoteLifeCycleStateMachine.swift in Sources */,
				4CA9E5B5280D89DD0044CE1F /* WarpServerProvider.swift in Sources */,
				4C4A73CF27B3FB8A004EDA61 /* warp.grpc.swift in Sources */,
				4CFCBAEE2816EDA500D154AB /* RemoteDetailView.swift in Sources */,
				4C4A73AD27B3D2D6004EDA61 /* ContentView.swift in Sources */,
				4CDD56E627B79A3700A9B537 /* CertificateClientV2.swift in Sources */,
				4C3F86B727E7B87700555A83 /* NetworkUtils.swift in Sources */,
				4CDD56E927B79B5100A9B537 /* DiscoveryViewModel.swift in Sources */,
				4CDD56C127B4108F00A9B537 /* Auth.swift in Sources */,
				4C3F86BA27E7B93200555A83 /* Utils.swift in Sources */,
				4CDD56DE27B6808D00A9B537 /* BonjourResolver.swift in Sources */,
				4C4E20A127E5FD25001695FC /* WarpServer.swift in Sources */,
				4C4A73D327B3FB8A004EDA61 /* warp.proto in Sources */,
				4C4A73AB27B3D2D6004EDA61 /* warpinator_projectApp.swift in Sources */,
			);
			runOnlyForDeploymentPostprocessing = 0;
		};
		4C4A738C27B3D2D5004EDA61 /* Sources */ = {
			isa = PBXSourcesBuildPhase;
			buildActionMask = 2147483647;
			files = (
				4CDD56ED27B79C2C00A9B537 /* WarpBackend.swift in Sources */,
				4CDD56C827B6672D00A9B537 /* BonjourDiscovery.swift in Sources */,
				4CF735E129C76F220056FA45 /* LabeledHStack.swift in Sources */,
				4CDD56F027B7A5B100A9B537 /* RemoteRegistration.swift in Sources */,
				4C5039EC28461C6600D20F04 /* TransferDownloader.swift in Sources */,
				4CF735DB29C741D80056FA45 /* Settings.swift in Sources */,
				4CDD570427B93F9E00A9B537 /* Remote.swift in Sources */,
				4CDD56BE27B40FAC00A9B537 /* CertificateServerV2.swift in Sources */,
				4CA9E5B9280F02220044CE1F /* WarpServerInterceptors.swift in Sources */,
				4CDD56F427B7B85900A9B537 /* warp.pb.swift in Sources */,
				4CDD570127B93F2600A9B537 /* WarpClient.swift in Sources */,
				4CDD56C527B412A900A9B537 /* WarpRegistrationProvider.swift in Sources */,
				4CF7544D283E3ACB00020D90 /* TransferOpMetrics.swift in Sources */,
				4C418C362801C98700E01D60 /* FileProvider.swift in Sources */,
				4CD3F070283CC23200DFE396 /* ObservableValue.swift in Sources */,
				4C39E80927E8C89F000F0ACD /* TransferOp.swift in Sources */,
				4C1443B827E7A2E600F87557 /* NetworkConfig.swift in Sources */,
				4CA343782802D32F00702DD6 /* Backpressure.swift in Sources */,
				4CD3F073283CEA6A00DFE396 /* TransferOpView.swift in Sources */,
				4C4A73D027B3FB8A004EDA61 /* warp.grpc.swift in Sources */,
				4CFCBAED2816E7C200D154AB /* RemoteDetailView.swift in Sources */,
				4CA9E5C1280F127A0044CE1F /* Discovery.swift in Sources */,
				4CF735DE29C768BC0056FA45 /* SettingsView.swift in Sources */,
				4CFB76582833C88100B36438 /* RemoteLifeCycleStateMachine.swift in Sources */,
				4CA9E5B6280D89DD0044CE1F /* WarpServerProvider.swift in Sources */,
				4C4A73AE27B3D2D6004EDA61 /* ContentView.swift in Sources */,
				4CDD56E727B79A3700A9B537 /* CertificateClientV2.swift in Sources */,
				4C3F86B827E7B87800555A83 /* NetworkUtils.swift in Sources */,
				4CA9E5BF280F11740044CE1F /* Peer.swift in Sources */,
				4C21479227EB3E1700DF0302 /* DocumentPicker.swift in Sources */,
				4CDD56EA27B79B5100A9B537 /* DiscoveryViewModel.swift in Sources */,
				4CDD56C227B4108F00A9B537 /* Auth.swift in Sources */,
				4C3F86BB27E7B93200555A83 /* Utils.swift in Sources */,
				4CDD56DF27B6808D00A9B537 /* BonjourResolver.swift in Sources */,
				4C4E20A227E5FD25001695FC /* WarpServer.swift in Sources */,
				4C4A73D427B3FB8A004EDA61 /* warp.proto in Sources */,
				4C4A73AC27B3D2D6004EDA61 /* warpinator_projectApp.swift in Sources */,
			);
			runOnlyForDeploymentPostprocessing = 0;
		};
		4C4A739327B3D2D6004EDA61 /* Sources */ = {
			isa = PBXSourcesBuildPhase;
			buildActionMask = 2147483647;
			files = (
				4C4A739E27B3D2D6004EDA61 /* Tests_iOSLaunchTests.swift in Sources */,
			);
			runOnlyForDeploymentPostprocessing = 0;
		};
		4C4A739F27B3D2D6004EDA61 /* Sources */ = {
			isa = PBXSourcesBuildPhase;
			buildActionMask = 2147483647;
			files = (
				4C4A73AA27B3D2D6004EDA61 /* Tests_macOSLaunchTests.swift in Sources */,
			);
			runOnlyForDeploymentPostprocessing = 0;
		};
		4CDD570527B982CA00A9B537 /* Sources */ = {
			isa = PBXSourcesBuildPhase;
			buildActionMask = 2147483647;
			files = (
				4CA9E5C7281448060044CE1F /* TestWarpInstance.swift in Sources */,
				4C5C7EF22846764E0063BE6F /* TransferDownloaderTests.swift in Sources */,
				4CDD571327B9842600A9B537 /* AuthTests.swift in Sources */,
				4CA9E5B1280D808F0044CE1F /* WarpIntegrationTests.swift in Sources */,
				4CA9E5C5281447A90044CE1F /* TestDiscovery.swift in Sources */,
				4CA9E5C9281449460044CE1F /* helpers.swift in Sources */,
			);
			runOnlyForDeploymentPostprocessing = 0;
		};
/* End PBXSourcesBuildPhase section */

/* Begin PBXTargetDependency section */
		4C1443BE27E7A7CE00F87557 /* PBXTargetDependency */ = {
			isa = PBXTargetDependency;
			target = 4C4A738927B3D2D5004EDA61 /* warpinator-project (iOS) */;
			targetProxy = 4C1443BD27E7A7CE00F87557 /* PBXContainerItemProxy */;
		};
		4C3F86AE27E7AFE000555A83 /* PBXTargetDependency */ = {
			isa = PBXTargetDependency;
			target = 4C4A738927B3D2D5004EDA61 /* warpinator-project (iOS) */;
			targetProxy = 4C3F86AD27E7AFE000555A83 /* PBXContainerItemProxy */;
		};
		4C4A739927B3D2D6004EDA61 /* PBXTargetDependency */ = {
			isa = PBXTargetDependency;
			target = 4C4A738927B3D2D5004EDA61 /* warpinator-project (iOS) */;
			targetProxy = 4C4A739827B3D2D6004EDA61 /* PBXContainerItemProxy */;
		};
		4C4A73A527B3D2D6004EDA61 /* PBXTargetDependency */ = {
			isa = PBXTargetDependency;
			target = 4C4A738F27B3D2D5004EDA61 /* warpinator-project (macOS) */;
			targetProxy = 4C4A73A427B3D2D6004EDA61 /* PBXContainerItemProxy */;
		};
		4CDD570E27B982CA00A9B537 /* PBXTargetDependency */ = {
			isa = PBXTargetDependency;
			target = 4C4A738F27B3D2D5004EDA61 /* warpinator-project (macOS) */;
			targetProxy = 4CDD570D27B982CA00A9B537 /* PBXContainerItemProxy */;
		};
/* End PBXTargetDependency section */

/* Begin XCBuildConfiguration section */
		4C3F86B027E7AFE000555A83 /* Debug */ = {
			isa = XCBuildConfiguration;
			buildSettings = {
				BUNDLE_LOADER = "$(TEST_HOST)";
				CODE_SIGN_STYLE = Automatic;
				CURRENT_PROJECT_VERSION = 1;
				DEVELOPMENT_TEAM = 6THNG9YB47;
				GENERATE_INFOPLIST_FILE = YES;
				IPHONEOS_DEPLOYMENT_TARGET = 15.2;
				MARKETING_VERSION = 1.0;
				PRODUCT_BUNDLE_IDENTIFIER = "io.github.emanuelkuhn.Tests-Shared--iOS-";
				PRODUCT_NAME = "$(TARGET_NAME)";
				SDKROOT = iphoneos;
				SWIFT_EMIT_LOC_STRINGS = NO;
				SWIFT_VERSION = 5.0;
				TARGETED_DEVICE_FAMILY = "1,2";
				TEST_HOST = "$(BUILT_PRODUCTS_DIR)/warpinator-project.app/warpinator-project";
			};
			name = Debug;
		};
		4C3F86B127E7AFE000555A83 /* Release */ = {
			isa = XCBuildConfiguration;
			buildSettings = {
				BUNDLE_LOADER = "$(TEST_HOST)";
				CODE_SIGN_STYLE = Automatic;
				CURRENT_PROJECT_VERSION = 1;
				DEVELOPMENT_TEAM = 6THNG9YB47;
				GENERATE_INFOPLIST_FILE = YES;
				IPHONEOS_DEPLOYMENT_TARGET = 15.2;
				MARKETING_VERSION = 1.0;
				PRODUCT_BUNDLE_IDENTIFIER = "io.github.emanuelkuhn.Tests-Shared--iOS-";
				PRODUCT_NAME = "$(TARGET_NAME)";
				SDKROOT = iphoneos;
				SWIFT_EMIT_LOC_STRINGS = NO;
				SWIFT_VERSION = 5.0;
				TARGETED_DEVICE_FAMILY = "1,2";
				TEST_HOST = "$(BUILT_PRODUCTS_DIR)/warpinator-project.app/warpinator-project";
				VALIDATE_PRODUCT = YES;
			};
			name = Release;
		};
		4C4A73B127B3D2D6004EDA61 /* Debug */ = {
			isa = XCBuildConfiguration;
			buildSettings = {
				ALWAYS_SEARCH_USER_PATHS = NO;
				CLANG_ANALYZER_NONNULL = YES;
				CLANG_ANALYZER_NUMBER_OBJECT_CONVERSION = YES_AGGRESSIVE;
				CLANG_CXX_LANGUAGE_STANDARD = "gnu++17";
				CLANG_CXX_LIBRARY = "libc++";
				CLANG_ENABLE_MODULES = YES;
				CLANG_ENABLE_OBJC_ARC = YES;
				CLANG_ENABLE_OBJC_WEAK = YES;
				CLANG_WARN_BLOCK_CAPTURE_AUTORELEASING = YES;
				CLANG_WARN_BOOL_CONVERSION = YES;
				CLANG_WARN_COMMA = YES;
				CLANG_WARN_CONSTANT_CONVERSION = YES;
				CLANG_WARN_DEPRECATED_OBJC_IMPLEMENTATIONS = YES;
				CLANG_WARN_DIRECT_OBJC_ISA_USAGE = YES_ERROR;
				CLANG_WARN_DOCUMENTATION_COMMENTS = YES;
				CLANG_WARN_EMPTY_BODY = YES;
				CLANG_WARN_ENUM_CONVERSION = YES;
				CLANG_WARN_INFINITE_RECURSION = YES;
				CLANG_WARN_INT_CONVERSION = YES;
				CLANG_WARN_NON_LITERAL_NULL_CONVERSION = YES;
				CLANG_WARN_OBJC_IMPLICIT_RETAIN_SELF = YES;
				CLANG_WARN_OBJC_LITERAL_CONVERSION = YES;
				CLANG_WARN_OBJC_ROOT_CLASS = YES_ERROR;
				CLANG_WARN_QUOTED_INCLUDE_IN_FRAMEWORK_HEADER = YES;
				CLANG_WARN_RANGE_LOOP_ANALYSIS = YES;
				CLANG_WARN_STRICT_PROTOTYPES = YES;
				CLANG_WARN_SUSPICIOUS_MOVE = YES;
				CLANG_WARN_UNGUARDED_AVAILABILITY = YES_AGGRESSIVE;
				CLANG_WARN_UNREACHABLE_CODE = YES;
				CLANG_WARN__DUPLICATE_METHOD_MATCH = YES;
				COPY_PHASE_STRIP = NO;
				DEBUG_INFORMATION_FORMAT = dwarf;
				ENABLE_STRICT_OBJC_MSGSEND = YES;
				ENABLE_TESTABILITY = YES;
				GCC_C_LANGUAGE_STANDARD = gnu11;
				GCC_DYNAMIC_NO_PIC = NO;
				GCC_NO_COMMON_BLOCKS = YES;
				GCC_OPTIMIZATION_LEVEL = 0;
				GCC_PREPROCESSOR_DEFINITIONS = (
					"DEBUG=1",
					"$(inherited)",
				);
				GCC_WARN_64_TO_32_BIT_CONVERSION = YES;
				GCC_WARN_ABOUT_RETURN_TYPE = YES_ERROR;
				GCC_WARN_UNDECLARED_SELECTOR = YES;
				GCC_WARN_UNINITIALIZED_AUTOS = YES_AGGRESSIVE;
				GCC_WARN_UNUSED_FUNCTION = YES;
				GCC_WARN_UNUSED_VARIABLE = YES;
				IPHONEOS_DEPLOYMENT_TARGET = 14.0;
				MACOSX_DEPLOYMENT_TARGET = 11.5;
				MTL_ENABLE_DEBUG_INFO = INCLUDE_SOURCE;
				MTL_FAST_MATH = YES;
				ONLY_ACTIVE_ARCH = YES;
				SWIFT_ACTIVE_COMPILATION_CONDITIONS = DEBUG;
				SWIFT_OPTIMIZATION_LEVEL = "-Onone";
			};
			name = Debug;
		};
		4C4A73B227B3D2D6004EDA61 /* Release */ = {
			isa = XCBuildConfiguration;
			buildSettings = {
				ALWAYS_SEARCH_USER_PATHS = NO;
				CLANG_ANALYZER_NONNULL = YES;
				CLANG_ANALYZER_NUMBER_OBJECT_CONVERSION = YES_AGGRESSIVE;
				CLANG_CXX_LANGUAGE_STANDARD = "gnu++17";
				CLANG_CXX_LIBRARY = "libc++";
				CLANG_ENABLE_MODULES = YES;
				CLANG_ENABLE_OBJC_ARC = YES;
				CLANG_ENABLE_OBJC_WEAK = YES;
				CLANG_WARN_BLOCK_CAPTURE_AUTORELEASING = YES;
				CLANG_WARN_BOOL_CONVERSION = YES;
				CLANG_WARN_COMMA = YES;
				CLANG_WARN_CONSTANT_CONVERSION = YES;
				CLANG_WARN_DEPRECATED_OBJC_IMPLEMENTATIONS = YES;
				CLANG_WARN_DIRECT_OBJC_ISA_USAGE = YES_ERROR;
				CLANG_WARN_DOCUMENTATION_COMMENTS = YES;
				CLANG_WARN_EMPTY_BODY = YES;
				CLANG_WARN_ENUM_CONVERSION = YES;
				CLANG_WARN_INFINITE_RECURSION = YES;
				CLANG_WARN_INT_CONVERSION = YES;
				CLANG_WARN_NON_LITERAL_NULL_CONVERSION = YES;
				CLANG_WARN_OBJC_IMPLICIT_RETAIN_SELF = YES;
				CLANG_WARN_OBJC_LITERAL_CONVERSION = YES;
				CLANG_WARN_OBJC_ROOT_CLASS = YES_ERROR;
				CLANG_WARN_QUOTED_INCLUDE_IN_FRAMEWORK_HEADER = YES;
				CLANG_WARN_RANGE_LOOP_ANALYSIS = YES;
				CLANG_WARN_STRICT_PROTOTYPES = YES;
				CLANG_WARN_SUSPICIOUS_MOVE = YES;
				CLANG_WARN_UNGUARDED_AVAILABILITY = YES_AGGRESSIVE;
				CLANG_WARN_UNREACHABLE_CODE = YES;
				CLANG_WARN__DUPLICATE_METHOD_MATCH = YES;
				COPY_PHASE_STRIP = NO;
				DEBUG_INFORMATION_FORMAT = "dwarf-with-dsym";
				ENABLE_NS_ASSERTIONS = NO;
				ENABLE_STRICT_OBJC_MSGSEND = YES;
				GCC_C_LANGUAGE_STANDARD = gnu11;
				GCC_NO_COMMON_BLOCKS = YES;
				GCC_WARN_64_TO_32_BIT_CONVERSION = YES;
				GCC_WARN_ABOUT_RETURN_TYPE = YES_ERROR;
				GCC_WARN_UNDECLARED_SELECTOR = YES;
				GCC_WARN_UNINITIALIZED_AUTOS = YES_AGGRESSIVE;
				GCC_WARN_UNUSED_FUNCTION = YES;
				GCC_WARN_UNUSED_VARIABLE = YES;
				IPHONEOS_DEPLOYMENT_TARGET = 14.0;
				MACOSX_DEPLOYMENT_TARGET = 11.5;
				MTL_ENABLE_DEBUG_INFO = NO;
				MTL_FAST_MATH = YES;
				SWIFT_COMPILATION_MODE = wholemodule;
				SWIFT_OPTIMIZATION_LEVEL = "-O";
			};
			name = Release;
		};
		4C4A73B427B3D2D6004EDA61 /* Debug */ = {
			isa = XCBuildConfiguration;
			buildSettings = {
				ASSETCATALOG_COMPILER_APPICON_NAME = AppIcon;
				ASSETCATALOG_COMPILER_GLOBAL_ACCENT_COLOR_NAME = AccentColor;
				CODE_SIGN_STYLE = Automatic;
				CURRENT_PROJECT_VERSION = 1;
				DEVELOPMENT_TEAM = 6THNG9YB47;
				ENABLE_PREVIEWS = YES;
				GENERATE_INFOPLIST_FILE = YES;
				INFOPLIST_FILE = "warpinator-project--iOS--Info.plist";
				INFOPLIST_KEY_LSSupportsOpeningDocumentsInPlace = YES;
				INFOPLIST_KEY_UIApplicationSupportsIndirectInputEvents = YES;
				INFOPLIST_KEY_UILaunchScreen_Generation = YES;
				INFOPLIST_KEY_UISupportedInterfaceOrientations_iPad = "UIInterfaceOrientationPortrait UIInterfaceOrientationPortraitUpsideDown UIInterfaceOrientationLandscapeLeft UIInterfaceOrientationLandscapeRight";
				INFOPLIST_KEY_UISupportedInterfaceOrientations_iPhone = "UIInterfaceOrientationPortrait UIInterfaceOrientationLandscapeLeft UIInterfaceOrientationLandscapeRight";
				IPHONEOS_DEPLOYMENT_TARGET = 14.7;
				LD_RUNPATH_SEARCH_PATHS = (
					"$(inherited)",
					"@executable_path/Frameworks",
				);
				MARKETING_VERSION = 1.0;
				PRODUCT_BUNDLE_IDENTIFIER = "io.github.emanuelkuhn.warpinator-project";
				PRODUCT_NAME = "warpinator-project";
				SDKROOT = iphoneos;
				SWIFT_EMIT_LOC_STRINGS = YES;
				SWIFT_VERSION = 5.0;
				TARGETED_DEVICE_FAMILY = "1,2";
			};
			name = Debug;
		};
		4C4A73B527B3D2D6004EDA61 /* Release */ = {
			isa = XCBuildConfiguration;
			buildSettings = {
				ASSETCATALOG_COMPILER_APPICON_NAME = AppIcon;
				ASSETCATALOG_COMPILER_GLOBAL_ACCENT_COLOR_NAME = AccentColor;
				CODE_SIGN_STYLE = Automatic;
				CURRENT_PROJECT_VERSION = 1;
				DEVELOPMENT_TEAM = 6THNG9YB47;
				ENABLE_PREVIEWS = YES;
				GENERATE_INFOPLIST_FILE = YES;
				INFOPLIST_FILE = "warpinator-project--iOS--Info.plist";
				INFOPLIST_KEY_LSSupportsOpeningDocumentsInPlace = YES;
				INFOPLIST_KEY_UIApplicationSupportsIndirectInputEvents = YES;
				INFOPLIST_KEY_UILaunchScreen_Generation = YES;
				INFOPLIST_KEY_UISupportedInterfaceOrientations_iPad = "UIInterfaceOrientationPortrait UIInterfaceOrientationPortraitUpsideDown UIInterfaceOrientationLandscapeLeft UIInterfaceOrientationLandscapeRight";
				INFOPLIST_KEY_UISupportedInterfaceOrientations_iPhone = "UIInterfaceOrientationPortrait UIInterfaceOrientationLandscapeLeft UIInterfaceOrientationLandscapeRight";
				IPHONEOS_DEPLOYMENT_TARGET = 14.7;
				LD_RUNPATH_SEARCH_PATHS = (
					"$(inherited)",
					"@executable_path/Frameworks",
				);
				MARKETING_VERSION = 1.0;
				PRODUCT_BUNDLE_IDENTIFIER = "io.github.emanuelkuhn.warpinator-project";
				PRODUCT_NAME = "warpinator-project";
				SDKROOT = iphoneos;
				SWIFT_EMIT_LOC_STRINGS = YES;
				SWIFT_VERSION = 5.0;
				TARGETED_DEVICE_FAMILY = "1,2";
				VALIDATE_PRODUCT = YES;
			};
			name = Release;
		};
		4C4A73B727B3D2D6004EDA61 /* Debug */ = {
			isa = XCBuildConfiguration;
			buildSettings = {
				ASSETCATALOG_COMPILER_APPICON_NAME = AppIcon;
				ASSETCATALOG_COMPILER_GLOBAL_ACCENT_COLOR_NAME = AccentColor;
				CODE_SIGN_ENTITLEMENTS = macOS/macOS.entitlements;
				CODE_SIGN_IDENTITY = "Apple Development";
				CODE_SIGN_STYLE = Automatic;
				COMBINE_HIDPI_IMAGES = YES;
				CURRENT_PROJECT_VERSION = 1;
				DEVELOPMENT_TEAM = 6THNG9YB47;
				ENABLE_HARDENED_RUNTIME = YES;
				ENABLE_PREVIEWS = YES;
				GENERATE_INFOPLIST_FILE = YES;
				INFOPLIST_KEY_NSHumanReadableCopyright = "";
				LD_RUNPATH_SEARCH_PATHS = (
					"$(inherited)",
					"@executable_path/../Frameworks",
				);
				MACOSX_DEPLOYMENT_TARGET = 11.6;
				MARKETING_VERSION = 1.0;
				PRODUCT_BUNDLE_IDENTIFIER = "io.github.emanuelkuhn.warpinator-project";
				PRODUCT_NAME = "warpinator-project";
				PROVISIONING_PROFILE_SPECIFIER = "";
				SDKROOT = macosx;
				SWIFT_EMIT_LOC_STRINGS = YES;
				SWIFT_VERSION = 5.0;
			};
			name = Debug;
		};
		4C4A73B827B3D2D6004EDA61 /* Release */ = {
			isa = XCBuildConfiguration;
			buildSettings = {
				ASSETCATALOG_COMPILER_APPICON_NAME = AppIcon;
				ASSETCATALOG_COMPILER_GLOBAL_ACCENT_COLOR_NAME = AccentColor;
				CODE_SIGN_ENTITLEMENTS = macOS/macOS.entitlements;
				CODE_SIGN_IDENTITY = "Apple Development";
				CODE_SIGN_STYLE = Automatic;
				COMBINE_HIDPI_IMAGES = YES;
				CURRENT_PROJECT_VERSION = 1;
				DEVELOPMENT_TEAM = 6THNG9YB47;
				ENABLE_HARDENED_RUNTIME = YES;
				ENABLE_PREVIEWS = YES;
				GENERATE_INFOPLIST_FILE = YES;
				INFOPLIST_KEY_NSHumanReadableCopyright = "";
				LD_RUNPATH_SEARCH_PATHS = (
					"$(inherited)",
					"@executable_path/../Frameworks",
				);
				MACOSX_DEPLOYMENT_TARGET = 11.6;
				MARKETING_VERSION = 1.0;
				PRODUCT_BUNDLE_IDENTIFIER = "io.github.emanuelkuhn.warpinator-project";
				PRODUCT_NAME = "warpinator-project";
				PROVISIONING_PROFILE_SPECIFIER = "";
				SDKROOT = macosx;
				SWIFT_EMIT_LOC_STRINGS = YES;
				SWIFT_VERSION = 5.0;
			};
			name = Release;
		};
		4C4A73BA27B3D2D6004EDA61 /* Debug */ = {
			isa = XCBuildConfiguration;
			buildSettings = {
				ALWAYS_EMBED_SWIFT_STANDARD_LIBRARIES = YES;
				CODE_SIGN_STYLE = Automatic;
				CURRENT_PROJECT_VERSION = 1;
				DEVELOPMENT_TEAM = 6THNG9YB47;
				GENERATE_INFOPLIST_FILE = YES;
				IPHONEOS_DEPLOYMENT_TARGET = 15.2;
				MARKETING_VERSION = 1.0;
				PRODUCT_BUNDLE_IDENTIFIER = "io.github.emanuelkuhn.Tests-iOS";
				PRODUCT_NAME = "$(TARGET_NAME)";
				SDKROOT = iphoneos;
				SWIFT_EMIT_LOC_STRINGS = NO;
				SWIFT_VERSION = 5.0;
				TARGETED_DEVICE_FAMILY = "1,2";
				TEST_TARGET_NAME = "warpinator-project (iOS)";
			};
			name = Debug;
		};
		4C4A73BB27B3D2D6004EDA61 /* Release */ = {
			isa = XCBuildConfiguration;
			buildSettings = {
				ALWAYS_EMBED_SWIFT_STANDARD_LIBRARIES = YES;
				CODE_SIGN_STYLE = Automatic;
				CURRENT_PROJECT_VERSION = 1;
				DEVELOPMENT_TEAM = 6THNG9YB47;
				GENERATE_INFOPLIST_FILE = YES;
				IPHONEOS_DEPLOYMENT_TARGET = 15.2;
				MARKETING_VERSION = 1.0;
				PRODUCT_BUNDLE_IDENTIFIER = "io.github.emanuelkuhn.Tests-iOS";
				PRODUCT_NAME = "$(TARGET_NAME)";
				SDKROOT = iphoneos;
				SWIFT_EMIT_LOC_STRINGS = NO;
				SWIFT_VERSION = 5.0;
				TARGETED_DEVICE_FAMILY = "1,2";
				TEST_TARGET_NAME = "warpinator-project (iOS)";
				VALIDATE_PRODUCT = YES;
			};
			name = Release;
		};
		4C4A73BD27B3D2D6004EDA61 /* Debug */ = {
			isa = XCBuildConfiguration;
			buildSettings = {
				ALWAYS_EMBED_SWIFT_STANDARD_LIBRARIES = YES;
				CODE_SIGN_STYLE = Automatic;
				CURRENT_PROJECT_VERSION = 1;
				DEVELOPMENT_TEAM = 6THNG9YB47;
				GENERATE_INFOPLIST_FILE = YES;
				MACOSX_DEPLOYMENT_TARGET = 11.6;
				MARKETING_VERSION = 1.0;
				PRODUCT_BUNDLE_IDENTIFIER = "io.github.emanuelkuhn.Tests-macOS";
				PRODUCT_NAME = "$(TARGET_NAME)";
				SDKROOT = macosx;
				SWIFT_EMIT_LOC_STRINGS = NO;
				SWIFT_VERSION = 5.0;
				TEST_TARGET_NAME = "warpinator-project (macOS)";
			};
			name = Debug;
		};
		4C4A73BE27B3D2D6004EDA61 /* Release */ = {
			isa = XCBuildConfiguration;
			buildSettings = {
				ALWAYS_EMBED_SWIFT_STANDARD_LIBRARIES = YES;
				CODE_SIGN_STYLE = Automatic;
				CURRENT_PROJECT_VERSION = 1;
				DEVELOPMENT_TEAM = 6THNG9YB47;
				GENERATE_INFOPLIST_FILE = YES;
				MACOSX_DEPLOYMENT_TARGET = 11.6;
				MARKETING_VERSION = 1.0;
				PRODUCT_BUNDLE_IDENTIFIER = "io.github.emanuelkuhn.Tests-macOS";
				PRODUCT_NAME = "$(TARGET_NAME)";
				SDKROOT = macosx;
				SWIFT_EMIT_LOC_STRINGS = NO;
				SWIFT_VERSION = 5.0;
				TEST_TARGET_NAME = "warpinator-project (macOS)";
			};
			name = Release;
		};
		4CDD571027B982CA00A9B537 /* Debug */ = {
			isa = XCBuildConfiguration;
			buildSettings = {
				BUNDLE_LOADER = "$(TEST_HOST)";
				CODE_SIGN_STYLE = Automatic;
				CURRENT_PROJECT_VERSION = 1;
				DEVELOPMENT_TEAM = 6THNG9YB47;
				GENERATE_INFOPLIST_FILE = YES;
				MACOSX_DEPLOYMENT_TARGET = 11.6;
				MARKETING_VERSION = 1.0;
				PRODUCT_BUNDLE_IDENTIFIER = "io.github.emanuelkuhn.warpinator-projectTests";
				PRODUCT_NAME = "$(TARGET_NAME)";
				SDKROOT = macosx;
				SWIFT_EMIT_LOC_STRINGS = NO;
				SWIFT_VERSION = 5.0;
				TEST_HOST = "$(BUILT_PRODUCTS_DIR)/warpinator-project.app/Contents/MacOS/warpinator-project";
			};
			name = Debug;
		};
		4CDD571127B982CA00A9B537 /* Release */ = {
			isa = XCBuildConfiguration;
			buildSettings = {
				BUNDLE_LOADER = "$(TEST_HOST)";
				CODE_SIGN_STYLE = Automatic;
				CURRENT_PROJECT_VERSION = 1;
				DEVELOPMENT_TEAM = 6THNG9YB47;
				GENERATE_INFOPLIST_FILE = YES;
				MACOSX_DEPLOYMENT_TARGET = 11.6;
				MARKETING_VERSION = 1.0;
				PRODUCT_BUNDLE_IDENTIFIER = "io.github.emanuelkuhn.warpinator-projectTests";
				PRODUCT_NAME = "$(TARGET_NAME)";
				SDKROOT = macosx;
				SWIFT_EMIT_LOC_STRINGS = NO;
				SWIFT_VERSION = 5.0;
				TEST_HOST = "$(BUILT_PRODUCTS_DIR)/warpinator-project.app/Contents/MacOS/warpinator-project";
			};
			name = Release;
		};
/* End XCBuildConfiguration section */

/* Begin XCConfigurationList section */
		4C3F86AF27E7AFE000555A83 /* Build configuration list for PBXNativeTarget "Tests Shared (iOS)" */ = {
			isa = XCConfigurationList;
			buildConfigurations = (
				4C3F86B027E7AFE000555A83 /* Debug */,
				4C3F86B127E7AFE000555A83 /* Release */,
			);
			defaultConfigurationIsVisible = 0;
			defaultConfigurationName = Release;
		};
		4C4A738127B3D2D4004EDA61 /* Build configuration list for PBXProject "warpinator-project" */ = {
			isa = XCConfigurationList;
			buildConfigurations = (
				4C4A73B127B3D2D6004EDA61 /* Debug */,
				4C4A73B227B3D2D6004EDA61 /* Release */,
			);
			defaultConfigurationIsVisible = 0;
			defaultConfigurationName = Release;
		};
		4C4A73B327B3D2D6004EDA61 /* Build configuration list for PBXNativeTarget "warpinator-project (iOS)" */ = {
			isa = XCConfigurationList;
			buildConfigurations = (
				4C4A73B427B3D2D6004EDA61 /* Debug */,
				4C4A73B527B3D2D6004EDA61 /* Release */,
			);
			defaultConfigurationIsVisible = 0;
			defaultConfigurationName = Release;
		};
		4C4A73B627B3D2D6004EDA61 /* Build configuration list for PBXNativeTarget "warpinator-project (macOS)" */ = {
			isa = XCConfigurationList;
			buildConfigurations = (
				4C4A73B727B3D2D6004EDA61 /* Debug */,
				4C4A73B827B3D2D6004EDA61 /* Release */,
			);
			defaultConfigurationIsVisible = 0;
			defaultConfigurationName = Release;
		};
		4C4A73B927B3D2D6004EDA61 /* Build configuration list for PBXNativeTarget "Tests iOS" */ = {
			isa = XCConfigurationList;
			buildConfigurations = (
				4C4A73BA27B3D2D6004EDA61 /* Debug */,
				4C4A73BB27B3D2D6004EDA61 /* Release */,
			);
			defaultConfigurationIsVisible = 0;
			defaultConfigurationName = Release;
		};
		4C4A73BC27B3D2D6004EDA61 /* Build configuration list for PBXNativeTarget "Tests macOS" */ = {
			isa = XCConfigurationList;
			buildConfigurations = (
				4C4A73BD27B3D2D6004EDA61 /* Debug */,
				4C4A73BE27B3D2D6004EDA61 /* Release */,
			);
			defaultConfigurationIsVisible = 0;
			defaultConfigurationName = Release;
		};
		4CDD570F27B982CA00A9B537 /* Build configuration list for PBXNativeTarget "warpinator-projectTests" */ = {
			isa = XCConfigurationList;
			buildConfigurations = (
				4CDD571027B982CA00A9B537 /* Debug */,
				4CDD571127B982CA00A9B537 /* Release */,
			);
			defaultConfigurationIsVisible = 0;
			defaultConfigurationName = Release;
		};
/* End XCConfigurationList section */

/* Begin XCRemoteSwiftPackageReference section */
		4C1443B127E728F400F87557 /* XCRemoteSwiftPackageReference "Shield" */ = {
			isa = XCRemoteSwiftPackageReference;
			repositoryURL = "https://github.com/outfoxx/Shield";
			requirement = {
				kind = upToNextMajorVersion;
				minimumVersion = 2.0.0;
			};
		};
		4C4A73C527B3E2E2004EDA61 /* XCRemoteSwiftPackageReference "grpc-swift" */ = {
			isa = XCRemoteSwiftPackageReference;
			repositoryURL = "https://github.com/grpc/grpc-swift";
			requirement = {
				kind = revision;
				revision = 30fd564c464984b93eca9ca688a998a4f84c9d89;
			};
		};
		4CDD56FA27B90AC100A9B537 /* XCRemoteSwiftPackageReference "swift-sodium" */ = {
			isa = XCRemoteSwiftPackageReference;
			repositoryURL = "https://github.com/jedisct1/swift-sodium.git";
			requirement = {
				kind = upToNextMajorVersion;
				minimumVersion = 0.9.1;
			};
		};
/* End XCRemoteSwiftPackageReference section */

/* Begin XCSwiftPackageProductDependency section */
		4C1443B227E728F400F87557 /* Shield */ = {
			isa = XCSwiftPackageProductDependency;
			package = 4C1443B127E728F400F87557 /* XCRemoteSwiftPackageReference "Shield" */;
			productName = Shield;
		};
		4C1443B427E7290000F87557 /* Shield */ = {
			isa = XCSwiftPackageProductDependency;
			package = 4C1443B127E728F400F87557 /* XCRemoteSwiftPackageReference "Shield" */;
			productName = Shield;
		};
		4C4A73C627B3E2E2004EDA61 /* CGRPCZlib */ = {
			isa = XCSwiftPackageProductDependency;
			package = 4C4A73C527B3E2E2004EDA61 /* XCRemoteSwiftPackageReference "grpc-swift" */;
			productName = CGRPCZlib;
		};
		4C4A73C827B3E2E2004EDA61 /* GRPC */ = {
			isa = XCSwiftPackageProductDependency;
			package = 4C4A73C527B3E2E2004EDA61 /* XCRemoteSwiftPackageReference "grpc-swift" */;
			productName = GRPC;
		};
		4C4A73CA27B3E2E2004EDA61 /* protoc-gen-grpc-swift */ = {
			isa = XCSwiftPackageProductDependency;
			package = 4C4A73C527B3E2E2004EDA61 /* XCRemoteSwiftPackageReference "grpc-swift" */;
			productName = "protoc-gen-grpc-swift";
		};
		4CDD56B827B40DE100A9B537 /* CGRPCZlib */ = {
			isa = XCSwiftPackageProductDependency;
			package = 4C4A73C527B3E2E2004EDA61 /* XCRemoteSwiftPackageReference "grpc-swift" */;
			productName = CGRPCZlib;
		};
		4CDD56BA27B40DE100A9B537 /* GRPC */ = {
			isa = XCSwiftPackageProductDependency;
			package = 4C4A73C527B3E2E2004EDA61 /* XCRemoteSwiftPackageReference "grpc-swift" */;
			productName = GRPC;
		};
		4CDD56FB27B90AC200A9B537 /* Sodium */ = {
			isa = XCSwiftPackageProductDependency;
			package = 4CDD56FA27B90AC100A9B537 /* XCRemoteSwiftPackageReference "swift-sodium" */;
			productName = Sodium;
		};
		4CDD56FD27B90AD700A9B537 /* Sodium */ = {
			isa = XCSwiftPackageProductDependency;
			package = 4CDD56FA27B90AC100A9B537 /* XCRemoteSwiftPackageReference "swift-sodium" */;
			productName = Sodium;
		};
/* End XCSwiftPackageProductDependency section */
	};
	rootObject = 4C4A737E27B3D2D4004EDA61 /* Project object */;
}
